// !$*UTF8*$!
{
	archiveVersion = 1;
	classes = {
	};
	objectVersion = 44;
	objects = {

/* Begin PBXBuildFile section */
		8D5B49B4048680CD000E48DA /* Cocoa.framework in Frameworks */ = {isa = PBXBuildFile; fileRef = 1058C7ADFEA557BF11CA2CBB /* Cocoa.framework */; };
		918B27B10D7CFB2100D87AC2 /* UnderstudyAppliance.m in Sources */ = {isa = PBXBuildFile; fileRef = 918B27B00D7CFB2100D87AC2 /* UnderstudyAppliance.m */; };
		DF00C4620F22CF8F003A5122 /* ExceptionHandling.framework in Frameworks */ = {isa = PBXBuildFile; fileRef = DF00C4610F22CF8F003A5122 /* ExceptionHandling.framework */; };
		DF0C59430EA9030E00E0D882 /* QuartzCore.framework in Frameworks */ = {isa = PBXBuildFile; fileRef = DF0C59420EA9030E00E0D882 /* QuartzCore.framework */; };
		DF0DA2000F817BCE004AF3C3 /* UNDiPlayerAddDialog.m in Sources */ = {isa = PBXBuildFile; fileRef = DF0DA1FF0F817BCE004AF3C3 /* UNDiPlayerAddDialog.m */; };
		DF0EDFCD0EE5E187008FA08A /* English.lproj in Resources */ = {isa = PBXBuildFile; fileRef = DF0EDFCA0EE5E187008FA08A /* English.lproj */; };
		DF2EB1960F574D5200D650B7 /* IOKit.framework in Frameworks */ = {isa = PBXBuildFile; fileRef = DF2EB1950F574D5200D650B7 /* IOKit.framework */; };
		DF2EB2110F577F0C00D650B7 /* Carbon.framework in Frameworks */ = {isa = PBXBuildFile; fileRef = DF2EB2100F577F0C00D650B7 /* Carbon.framework */; };
		DF318FF60FC5B6C1004CE50D /* WebKit.framework in Frameworks */ = {isa = PBXBuildFile; fileRef = DFE014940EDF681D00AFD18F /* WebKit.framework */; };
		DF3190330FC5D34B004CE50D /* AppleRemote.m in Sources */ = {isa = PBXBuildFile; fileRef = DF3190320FC5D34B004CE50D /* AppleRemote.m */; };
		DF3190490FC5D3C9004CE50D /* RemoteControl.m in Sources */ = {isa = PBXBuildFile; fileRef = DF3190480FC5D3C9004CE50D /* RemoteControl.m */; };
		DF3190580FC5D598004CE50D /* HIDRemoteControlDevice.m in Sources */ = {isa = PBXBuildFile; fileRef = DF3190570FC5D598004CE50D /* HIDRemoteControlDevice.m */; };
		DF3191060FC5D608004CE50D /* IOKit.framework in Frameworks */ = {isa = PBXBuildFile; fileRef = DF2EB1950F574D5200D650B7 /* IOKit.framework */; };
		DF3191C70FC5D62F004CE50D /* Carbon.framework in Frameworks */ = {isa = PBXBuildFile; fileRef = DF2EB2100F577F0C00D650B7 /* Carbon.framework */; };
		DF3191CB0FC5D658004CE50D /* GlobalKeyboardDevice.m in Sources */ = {isa = PBXBuildFile; fileRef = DF3191CA0FC5D657004CE50D /* GlobalKeyboardDevice.m */; };
		DF3192900FC6FA4C004CE50D /* FrontRowKeyboardDevice.m in Sources */ = {isa = PBXBuildFile; fileRef = DF31928F0FC6FA4C004CE50D /* FrontRowKeyboardDevice.m */; };
		DF3192D50FC6FD92004CE50D /* RemoteControlContainer.m in Sources */ = {isa = PBXBuildFile; fileRef = DF3192D40FC6FD92004CE50D /* RemoteControlContainer.m */; };
		DF3193070FC71844004CE50D /* UNDHuluPlayer.m in Sources */ = {isa = PBXBuildFile; fileRef = DF3193060FC71844004CE50D /* UNDHuluPlayer.m */; };
		DF31936D0FC71D91004CE50D /* UNDPluginControl.m in Sources */ = {isa = PBXBuildFile; fileRef = DF31936C0FC71D91004CE50D /* UNDPluginControl.m */; };
		DF3193ED0FC7240A004CE50D /* UNDHuluSelector.m in Sources */ = {isa = PBXBuildFile; fileRef = DF37BA340F5B5DA70017766F /* UNDHuluSelector.m */; };
		DF3195620FC851BA004CE50D /* UNDPreferenceManager.m in Sources */ = {isa = PBXBuildFile; fileRef = DFE8E7B50F52130200A5E120 /* UNDPreferenceManager.m */; };
		DF3195630FC851BF004CE50D /* UNDPasswordProvider.m in Sources */ = {isa = PBXBuildFile; fileRef = DF7D07730F86A67B0014A0FB /* UNDPasswordProvider.m */; };
		DF3195F50FC85BFB004CE50D /* Security.framework in Frameworks */ = {isa = PBXBuildFile; fileRef = DF7D07670F86A0BD0014A0FB /* Security.framework */; };
		DF3195F70FC85C43004CE50D /* BackRow.framework in Frameworks */ = {isa = PBXBuildFile; fileRef = DF7F84EF0EE3354E0049E5C3 /* BackRow.framework */; };
		DF3196B80FC8CF7F004CE50D /* UNDHuluFSSelector.m in Sources */ = {isa = PBXBuildFile; fileRef = DF3196B70FC8CF7F004CE50D /* UNDHuluFSSelector.m */; };
		DF3197D00FCCE3BD004CE50D /* UNDPluginControl.m in Sources */ = {isa = PBXBuildFile; fileRef = DF31936C0FC71D91004CE50D /* UNDPluginControl.m */; };
		DF31980C0FCF7CC3004CE50D /* main.m in Sources */ = {isa = PBXBuildFile; fileRef = DF31980B0FCF7CC3004CE50D /* main.m */; };
		DF3198130FCF7F1C004CE50D /* UNDHuluDesktopAsset.m in Sources */ = {isa = PBXBuildFile; fileRef = DF3198120FCF7F1C004CE50D /* UNDHuluDesktopAsset.m */; };
		DF3198480FCF8169004CE50D /* UNDHuluDesktopController.m in Sources */ = {isa = PBXBuildFile; fileRef = DF3198470FCF8169004CE50D /* UNDHuluDesktopController.m */; };
		DF375CC20F35300700DA7719 /* NetflixAddDialog.m in Sources */ = {isa = PBXBuildFile; fileRef = DF375CBB0F35300700DA7719 /* NetflixAddDialog.m */; };
		DF375CC30F35300700DA7719 /* NetflixAsset.m in Sources */ = {isa = PBXBuildFile; fileRef = DF375CBD0F35300700DA7719 /* NetflixAsset.m */; };
		DF375CC40F35300700DA7719 /* NetflixController.m in Sources */ = {isa = PBXBuildFile; fileRef = DF375CBF0F35300700DA7719 /* NetflixController.m */; };
		DF375CC50F35300700DA7719 /* NetflixFeed.m in Sources */ = {isa = PBXBuildFile; fileRef = DF375CC10F35300700DA7719 /* NetflixFeed.m */; };
		DF375D600F36049A00DA7719 /* HuluFeedDiscoverer.m in Sources */ = {isa = PBXBuildFile; fileRef = DF375D5F0F36049A00DA7719 /* HuluFeedDiscoverer.m */; };
		DF37B8AD0F59ED5E0017766F /* UNDiPlayerFeed.m in Sources */ = {isa = PBXBuildFile; fileRef = DF37B8AC0F59ED5E0017766F /* UNDiPlayerFeed.m */; };
		DF37B8B00F59EFFE0017766F /* UNDiPlayerAsset.m in Sources */ = {isa = PBXBuildFile; fileRef = DF37B8AF0F59EFFE0017766F /* UNDiPlayerAsset.m */; };
		DF37B8CF0F5AE0940017766F /* UNDNSXMLElement+Parsing.m in Sources */ = {isa = PBXBuildFile; fileRef = DF37B8CE0F5AE0940017766F /* UNDNSXMLElement+Parsing.m */; };
		DF37B9120F5AF1F70017766F /* UNDiPlayerController.m in Sources */ = {isa = PBXBuildFile; fileRef = DF37B9110F5AF1F70017766F /* UNDiPlayerController.m */; };
		DF3D0F640F54CA3E0089CF2B /* LoadingAsset.m in Sources */ = {isa = PBXBuildFile; fileRef = DF3D0F630F54CA3E0089CF2B /* LoadingAsset.m */; };
		DF42345112351DBD0044317C /* UNDNetflixLoadingController.m in Sources */ = {isa = PBXBuildFile; fileRef = DF42345012351DBD0044317C /* UNDNetflixLoadingController.m */; };
		DF444EF5123B25F9000331B7 /* PubSub.framework in Frameworks */ = {isa = PBXBuildFile; fileRef = DF444EF4123B25F9000331B7 /* PubSub.framework */; };
		DF444F33123C2661000331B7 /* PubSub.framework in Frameworks */ = {isa = PBXBuildFile; fileRef = DF444EF4123B25F9000331B7 /* PubSub.framework */; };
		DF444F34123C2663000331B7 /* PubSub.framework in Frameworks */ = {isa = PBXBuildFile; fileRef = DF444EF4123B25F9000331B7 /* PubSub.framework */; };
		DF50285E0F7D86A200B04C78 /* UNDYouTubeAddDialog.m in Sources */ = {isa = PBXBuildFile; fileRef = DF50285D0F7D86A200B04C78 /* UNDYouTubeAddDialog.m */; };
		DF54B44F1106994D006F0930 /* CoreAudio.framework in Frameworks */ = {isa = PBXBuildFile; fileRef = DF54B44E1106994D006F0930 /* CoreAudio.framework */; };
		DF54B4B911095D36006F0930 /* UNDVolumeControl.m in Sources */ = {isa = PBXBuildFile; fileRef = DF54B4B811095D36006F0930 /* UNDVolumeControl.m */; };
		DF5A22210F0FC18200F5F19F /* YouTubeAsset.m in Sources */ = {isa = PBXBuildFile; fileRef = DF5A22200F0FC18200F5F19F /* YouTubeAsset.m */; };
		DF5A22250F0FD6B400F5F19F /* YouTubeFeed.m in Sources */ = {isa = PBXBuildFile; fileRef = DF5A22240F0FD6B400F5F19F /* YouTubeFeed.m */; };
		DF5A223C0F100E4300F5F19F /* FeedMenuController.m in Sources */ = {isa = PBXBuildFile; fileRef = DF5A22390F100E4300F5F19F /* FeedMenuController.m */; };
		DF5A23940F11240400F5F19F /* BaseController.m in Sources */ = {isa = PBXBuildFile; fileRef = DF5A23930F11240400F5F19F /* BaseController.m */; };
		DF6F9F880F9263AA00AB41CF /* UNDNetflixCollection.m in Sources */ = {isa = PBXBuildFile; fileRef = DF6F9F860F9263AA00AB41CF /* UNDNetflixCollection.m */; };
		DF7D07680F86A0BE0014A0FB /* Security.framework in Frameworks */ = {isa = PBXBuildFile; fileRef = DF7D07670F86A0BD0014A0FB /* Security.framework */; };
		DF7D07740F86A67B0014A0FB /* UNDPasswordProvider.m in Sources */ = {isa = PBXBuildFile; fileRef = DF7D07730F86A67B0014A0FB /* UNDPasswordProvider.m */; };
		DF7D970C0F08647400C9B7FB /* HuluAddDialog.m in Sources */ = {isa = PBXBuildFile; fileRef = DF7D97050F08647400C9B7FB /* HuluAddDialog.m */; };
		DF7D970D0F08647400C9B7FB /* HuluAsset.m in Sources */ = {isa = PBXBuildFile; fileRef = DF7D97070F08647400C9B7FB /* HuluAsset.m */; };
		DF7D970F0F08647400C9B7FB /* HuluFeed.m in Sources */ = {isa = PBXBuildFile; fileRef = DF7D970B0F08647400C9B7FB /* HuluFeed.m */; };
		DF7F84F00EE3354E0049E5C3 /* BackRow.framework in Frameworks */ = {isa = PBXBuildFile; fileRef = DF7F84EF0EE3354E0049E5C3 /* BackRow.framework */; };
		DF906CFF127B5D3A00B95C6E /* UNDNetflixKeyboardDevice.m in Sources */ = {isa = PBXBuildFile; fileRef = DF906CFE127B5D3A00B95C6E /* UNDNetflixKeyboardDevice.m */; };
		DFA511990F1A8E5B00FC903B /* HuluController.m in Sources */ = {isa = PBXBuildFile; fileRef = DFA511980F1A8E5B00FC903B /* HuluController.m */; };
		DFA512360F1A92F300FC903B /* YouTubeController.m in Sources */ = {isa = PBXBuildFile; fileRef = DFA512350F1A92F300FC903B /* YouTubeController.m */; };
		DFC24EC81068360500B4D149 /* AppleRemote.m in Sources */ = {isa = PBXBuildFile; fileRef = DF3190320FC5D34B004CE50D /* AppleRemote.m */; };
		DFC24EC91068360500B4D149 /* RemoteControl.m in Sources */ = {isa = PBXBuildFile; fileRef = DF3190480FC5D3C9004CE50D /* RemoteControl.m */; };
		DFC24ECA1068360500B4D149 /* HIDRemoteControlDevice.m in Sources */ = {isa = PBXBuildFile; fileRef = DF3190570FC5D598004CE50D /* HIDRemoteControlDevice.m */; };
		DFC24ECB1068360500B4D149 /* GlobalKeyboardDevice.m in Sources */ = {isa = PBXBuildFile; fileRef = DF3191CA0FC5D657004CE50D /* GlobalKeyboardDevice.m */; };
		DFC24ECD1068360500B4D149 /* RemoteControlContainer.m in Sources */ = {isa = PBXBuildFile; fileRef = DF3192D40FC6FD92004CE50D /* RemoteControlContainer.m */; };
		DFC24ECF1068360500B4D149 /* UNDPluginControl.m in Sources */ = {isa = PBXBuildFile; fileRef = DF31936C0FC71D91004CE50D /* UNDPluginControl.m */; };
		DFC24ED11068360500B4D149 /* UNDPreferenceManager.m in Sources */ = {isa = PBXBuildFile; fileRef = DFE8E7B50F52130200A5E120 /* UNDPreferenceManager.m */; };
		DFC24ED21068360500B4D149 /* UNDPasswordProvider.m in Sources */ = {isa = PBXBuildFile; fileRef = DF7D07730F86A67B0014A0FB /* UNDPasswordProvider.m */; };
		DFC24ED51068360500B4D149 /* WebKit.framework in Frameworks */ = {isa = PBXBuildFile; fileRef = DFE014940EDF681D00AFD18F /* WebKit.framework */; };
		DFC24ED61068360500B4D149 /* IOKit.framework in Frameworks */ = {isa = PBXBuildFile; fileRef = DF2EB1950F574D5200D650B7 /* IOKit.framework */; };
		DFC24ED71068360500B4D149 /* Carbon.framework in Frameworks */ = {isa = PBXBuildFile; fileRef = DF2EB2100F577F0C00D650B7 /* Carbon.framework */; };
		DFC24ED81068360500B4D149 /* Security.framework in Frameworks */ = {isa = PBXBuildFile; fileRef = DF7D07670F86A0BD0014A0FB /* Security.framework */; };
		DFC24ED91068360500B4D149 /* BackRow.framework in Frameworks */ = {isa = PBXBuildFile; fileRef = DF7F84EF0EE3354E0049E5C3 /* BackRow.framework */; };
		DFC24EE11068364800B4D149 /* main.m in Sources */ = {isa = PBXBuildFile; fileRef = DF318FFE0FC5B916004CE50D /* main.m */; };
		DFC24F42106867E800B4D149 /* main.m in Sources */ = {isa = PBXBuildFile; fileRef = DFC24F3F106867E800B4D149 /* main.m */; };
		DFC24F43106867E800B4D149 /* UNDNetflixPlayer.m in Sources */ = {isa = PBXBuildFile; fileRef = DFC24F41106867E800B4D149 /* UNDNetflixPlayer.m */; };
		DFC9BEB31273DE4D006B91FA /* AppKit.framework in Frameworks */ = {isa = PBXBuildFile; fileRef = DFC9BEB21273DE4D006B91FA /* AppKit.framework */; };
		DFCDFB110F3E2E9300D979F0 /* AddFeedDialog.m in Sources */ = {isa = PBXBuildFile; fileRef = DFCDFB0A0F3E2E9300D979F0 /* AddFeedDialog.m */; };
		DFCDFB120F3E2E9300D979F0 /* MainMenuController.m in Sources */ = {isa = PBXBuildFile; fileRef = DFCDFB0C0F3E2E9300D979F0 /* MainMenuController.m */; };
		DFCDFB130F3E2E9300D979F0 /* ManageFeedsDialog.m in Sources */ = {isa = PBXBuildFile; fileRef = DFCDFB0E0F3E2E9300D979F0 /* ManageFeedsDialog.m */; };
		DFCDFB140F3E2E9300D979F0 /* RenameDialog.m in Sources */ = {isa = PBXBuildFile; fileRef = DFCDFB100F3E2E9300D979F0 /* RenameDialog.m */; };
		DFCDFB1B0F3E2F7800D979F0 /* ApplianceIcon.png in Resources */ = {isa = PBXBuildFile; fileRef = DFCDFB1A0F3E2F7800D979F0 /* ApplianceIcon.png */; };
		DFCDFC530F3E72A400D979F0 /* BaseUnderstudyAsset.m in Sources */ = {isa = PBXBuildFile; fileRef = DFCDFC520F3E72A400D979F0 /* BaseUnderstudyAsset.m */; };
		DFE014950EDF681D00AFD18F /* WebKit.framework in Frameworks */ = {isa = PBXBuildFile; fileRef = DFE014940EDF681D00AFD18F /* WebKit.framework */; };
		DFE8E7B60F52130200A5E120 /* UNDPreferenceManager.m in Sources */ = {isa = PBXBuildFile; fileRef = DFE8E7B50F52130200A5E120 /* UNDPreferenceManager.m */; };
/* End PBXBuildFile section */

/* Begin PBXContainerItemProxy section */
		DF3195C10FC8555A004CE50D /* PBXContainerItemProxy */ = {
			isa = PBXContainerItemProxy;
			containerPortal = 089C1669FE841209C02AAC07 /* Project object */;
			proxyType = 1;
			remoteGlobalIDString = DF318F2D0FC4B418004CE50D;
			remoteInfo = UnderstudyHelper;
		};
		DF3197F60FCF7B7E004CE50D /* PBXContainerItemProxy */ = {
			isa = PBXContainerItemProxy;
			containerPortal = 089C1669FE841209C02AAC07 /* Project object */;
			proxyType = 1;
			remoteGlobalIDString = DF3197E00FCF54FB004CE50D;
			remoteInfo = HuluDesktop;
		};
		DF6D11E110F93B550092F20B /* PBXContainerItemProxy */ = {
			isa = PBXContainerItemProxy;
			containerPortal = 089C1669FE841209C02AAC07 /* Project object */;
			proxyType = 1;
			remoteGlobalIDString = DFC24EC51068360500B4D149;
			remoteInfo = NetflixPlayer;
		};
/* End PBXContainerItemProxy section */

/* Begin PBXFileReference section */
		089C1672FE841209C02AAC07 /* Foundation.framework */ = {isa = PBXFileReference; lastKnownFileType = wrapper.framework; name = Foundation.framework; path = /System/Library/Frameworks/Foundation.framework; sourceTree = "<absolute>"; };
		089C167FFE841241C02AAC07 /* AppKit.framework */ = {isa = PBXFileReference; lastKnownFileType = wrapper.framework; name = AppKit.framework; path = /System/Library/Frameworks/AppKit.framework; sourceTree = "<absolute>"; };
		1058C7ADFEA557BF11CA2CBB /* Cocoa.framework */ = {isa = PBXFileReference; lastKnownFileType = wrapper.framework; name = Cocoa.framework; path = /System/Library/Frameworks/Cocoa.framework; sourceTree = "<absolute>"; };
		34E1C7EC119B2587001ED87C /* NetflixPlayer-Info.plist */ = {isa = PBXFileReference; fileEncoding = 4; lastKnownFileType = text.plist.xml; path = "NetflixPlayer-Info.plist"; sourceTree = "<group>"; };
		8D5B49B6048680CD000E48DA /* frUnderstudy.frappliance */ = {isa = PBXFileReference; explicitFileType = wrapper.cfbundle; includeInIndex = 0; path = frUnderstudy.frappliance; sourceTree = BUILT_PRODUCTS_DIR; };
		8D5B49B7048680CD000E48DA /* Info.plist */ = {isa = PBXFileReference; fileEncoding = 4; lastKnownFileType = text.plist.xml; path = Info.plist; sourceTree = "<group>"; };
		918B27AF0D7CFB2100D87AC2 /* UnderstudyAppliance.h */ = {isa = PBXFileReference; fileEncoding = 4; lastKnownFileType = sourcecode.c.h; path = UnderstudyAppliance.h; sourceTree = "<group>"; };
		918B27B00D7CFB2100D87AC2 /* UnderstudyAppliance.m */ = {isa = PBXFileReference; fileEncoding = 4; lastKnownFileType = sourcecode.c.objc; path = UnderstudyAppliance.m; sourceTree = "<group>"; };
		D2F7E65807B2D6F200F64583 /* CoreData.framework */ = {isa = PBXFileReference; lastKnownFileType = wrapper.framework; name = CoreData.framework; path = /System/Library/Frameworks/CoreData.framework; sourceTree = "<absolute>"; };
		DF00C4610F22CF8F003A5122 /* ExceptionHandling.framework */ = {isa = PBXFileReference; lastKnownFileType = wrapper.framework; name = ExceptionHandling.framework; path = System/Library/Frameworks/ExceptionHandling.framework; sourceTree = SDKROOT; };
		DF0C59420EA9030E00E0D882 /* QuartzCore.framework */ = {isa = PBXFileReference; explicitFileType = wrapper.framework; name = QuartzCore.framework; path = /System/Library/Frameworks/QuartzCore.framework; sourceTree = "<absolute>"; };
		DF0C96B40EE5BA9F00E85372 /* understudy_Prefix.pch */ = {isa = PBXFileReference; fileEncoding = 4; lastKnownFileType = sourcecode.c.h; path = understudy_Prefix.pch; sourceTree = "<group>"; };
		DF0DA1FE0F817BCE004AF3C3 /* UNDiPlayerAddDialog.h */ = {isa = PBXFileReference; fileEncoding = 4; lastKnownFileType = sourcecode.c.h; path = UNDiPlayerAddDialog.h; sourceTree = "<group>"; };
		DF0DA1FF0F817BCE004AF3C3 /* UNDiPlayerAddDialog.m */ = {isa = PBXFileReference; fileEncoding = 4; lastKnownFileType = sourcecode.c.objc; path = UNDiPlayerAddDialog.m; sourceTree = "<group>"; };
		DF0EDFCA0EE5E187008FA08A /* English.lproj */ = {isa = PBXFileReference; lastKnownFileType = folder; path = English.lproj; sourceTree = "<group>"; };
		DF2EB1950F574D5200D650B7 /* IOKit.framework */ = {isa = PBXFileReference; lastKnownFileType = wrapper.framework; name = IOKit.framework; path = System/Library/Frameworks/IOKit.framework; sourceTree = SDKROOT; };
		DF2EB2100F577F0C00D650B7 /* Carbon.framework */ = {isa = PBXFileReference; lastKnownFileType = wrapper.framework; name = Carbon.framework; path = System/Library/Frameworks/Carbon.framework; sourceTree = SDKROOT; };
		DF318F2E0FC4B418004CE50D /* HuluPlayer.app */ = {isa = PBXFileReference; explicitFileType = wrapper.application; includeInIndex = 0; path = HuluPlayer.app; sourceTree = BUILT_PRODUCTS_DIR; };
		DF318F300FC4B418004CE50D /* HuluPlayer-Info.plist */ = {isa = PBXFileReference; lastKnownFileType = text.plist.xml; path = "HuluPlayer-Info.plist"; sourceTree = "<group>"; };
		DF318FFE0FC5B916004CE50D /* main.m */ = {isa = PBXFileReference; fileEncoding = 4; lastKnownFileType = sourcecode.c.objc; name = main.m; path = Player/main.m; sourceTree = "<group>"; };
		DF3190310FC5D34B004CE50D /* AppleRemote.h */ = {isa = PBXFileReference; fileEncoding = 4; lastKnownFileType = sourcecode.c.h; name = AppleRemote.h; path = RemoteControlWrapper/AppleRemote.h; sourceTree = "<group>"; };
		DF3190320FC5D34B004CE50D /* AppleRemote.m */ = {isa = PBXFileReference; fileEncoding = 4; lastKnownFileType = sourcecode.c.objc; name = AppleRemote.m; path = RemoteControlWrapper/AppleRemote.m; sourceTree = "<group>"; };
		DF3190470FC5D3C9004CE50D /* RemoteControl.h */ = {isa = PBXFileReference; fileEncoding = 4; lastKnownFileType = sourcecode.c.h; name = RemoteControl.h; path = RemoteControlWrapper/RemoteControl.h; sourceTree = "<group>"; };
		DF3190480FC5D3C9004CE50D /* RemoteControl.m */ = {isa = PBXFileReference; fileEncoding = 4; lastKnownFileType = sourcecode.c.objc; name = RemoteControl.m; path = RemoteControlWrapper/RemoteControl.m; sourceTree = "<group>"; };
		DF3190560FC5D598004CE50D /* HIDRemoteControlDevice.h */ = {isa = PBXFileReference; fileEncoding = 4; lastKnownFileType = sourcecode.c.h; name = HIDRemoteControlDevice.h; path = RemoteControlWrapper/HIDRemoteControlDevice.h; sourceTree = "<group>"; };
		DF3190570FC5D598004CE50D /* HIDRemoteControlDevice.m */ = {isa = PBXFileReference; fileEncoding = 4; lastKnownFileType = sourcecode.c.objc; name = HIDRemoteControlDevice.m; path = RemoteControlWrapper/HIDRemoteControlDevice.m; sourceTree = "<group>"; };
		DF3191C90FC5D657004CE50D /* GlobalKeyboardDevice.h */ = {isa = PBXFileReference; fileEncoding = 4; lastKnownFileType = sourcecode.c.h; name = GlobalKeyboardDevice.h; path = RemoteControlWrapper/GlobalKeyboardDevice.h; sourceTree = "<group>"; };
		DF3191CA0FC5D657004CE50D /* GlobalKeyboardDevice.m */ = {isa = PBXFileReference; fileEncoding = 4; lastKnownFileType = sourcecode.c.objc; name = GlobalKeyboardDevice.m; path = RemoteControlWrapper/GlobalKeyboardDevice.m; sourceTree = "<group>"; };
		DF31928E0FC6FA4C004CE50D /* FrontRowKeyboardDevice.h */ = {isa = PBXFileReference; fileEncoding = 4; lastKnownFileType = sourcecode.c.h; name = FrontRowKeyboardDevice.h; path = RemoteControlWrapper/FrontRowKeyboardDevice.h; sourceTree = "<group>"; };
		DF31928F0FC6FA4C004CE50D /* FrontRowKeyboardDevice.m */ = {isa = PBXFileReference; fileEncoding = 4; lastKnownFileType = sourcecode.c.objc; name = FrontRowKeyboardDevice.m; path = RemoteControlWrapper/FrontRowKeyboardDevice.m; sourceTree = "<group>"; };
		DF3192D30FC6FD92004CE50D /* RemoteControlContainer.h */ = {isa = PBXFileReference; fileEncoding = 4; lastKnownFileType = sourcecode.c.h; name = RemoteControlContainer.h; path = RemoteControlWrapper/RemoteControlContainer.h; sourceTree = "<group>"; };
		DF3192D40FC6FD92004CE50D /* RemoteControlContainer.m */ = {isa = PBXFileReference; fileEncoding = 4; lastKnownFileType = sourcecode.c.objc; name = RemoteControlContainer.m; path = RemoteControlWrapper/RemoteControlContainer.m; sourceTree = "<group>"; };
		DF3193050FC71844004CE50D /* UNDHuluPlayer.h */ = {isa = PBXFileReference; fileEncoding = 4; lastKnownFileType = sourcecode.c.h; name = UNDHuluPlayer.h; path = Player/UNDHuluPlayer.h; sourceTree = "<group>"; };
		DF3193060FC71844004CE50D /* UNDHuluPlayer.m */ = {isa = PBXFileReference; fileEncoding = 4; lastKnownFileType = sourcecode.c.objc; name = UNDHuluPlayer.m; path = Player/UNDHuluPlayer.m; sourceTree = "<group>"; };
		DF31936B0FC71D91004CE50D /* UNDPluginControl.h */ = {isa = PBXFileReference; fileEncoding = 4; lastKnownFileType = sourcecode.c.h; path = UNDPluginControl.h; sourceTree = "<group>"; };
		DF31936C0FC71D91004CE50D /* UNDPluginControl.m */ = {isa = PBXFileReference; fileEncoding = 4; lastKnownFileType = sourcecode.c.objc; path = UNDPluginControl.m; sourceTree = "<group>"; };
		DF3196B60FC8CF7F004CE50D /* UNDHuluFSSelector.h */ = {isa = PBXFileReference; fileEncoding = 4; lastKnownFileType = sourcecode.c.h; name = UNDHuluFSSelector.h; path = Player/UNDHuluFSSelector.h; sourceTree = "<group>"; };
		DF3196B70FC8CF7F004CE50D /* UNDHuluFSSelector.m */ = {isa = PBXFileReference; fileEncoding = 4; lastKnownFileType = sourcecode.c.objc; name = UNDHuluFSSelector.m; path = Player/UNDHuluFSSelector.m; sourceTree = "<group>"; };
		DF3197E10FCF54FB004CE50D /* HuluDesktop.app */ = {isa = PBXFileReference; explicitFileType = wrapper.application; includeInIndex = 0; path = HuluDesktop.app; sourceTree = BUILT_PRODUCTS_DIR; };
		DF3197E30FCF54FB004CE50D /* HuluDesktop-Info.plist */ = {isa = PBXFileReference; lastKnownFileType = text.plist.xml; path = "HuluDesktop-Info.plist"; sourceTree = "<group>"; };
		DF31980B0FCF7CC3004CE50D /* main.m */ = {isa = PBXFileReference; fileEncoding = 4; lastKnownFileType = sourcecode.c.objc; name = main.m; path = Desktop/main.m; sourceTree = "<group>"; };
		DF3198110FCF7F1C004CE50D /* UNDHuluDesktopAsset.h */ = {isa = PBXFileReference; fileEncoding = 4; lastKnownFileType = sourcecode.c.h; name = UNDHuluDesktopAsset.h; path = Desktop/UNDHuluDesktopAsset.h; sourceTree = "<group>"; };
		DF3198120FCF7F1C004CE50D /* UNDHuluDesktopAsset.m */ = {isa = PBXFileReference; fileEncoding = 4; lastKnownFileType = sourcecode.c.objc; name = UNDHuluDesktopAsset.m; path = Desktop/UNDHuluDesktopAsset.m; sourceTree = "<group>"; };
		DF3198460FCF8169004CE50D /* UNDHuluDesktopController.h */ = {isa = PBXFileReference; fileEncoding = 4; lastKnownFileType = sourcecode.c.h; name = UNDHuluDesktopController.h; path = Desktop/UNDHuluDesktopController.h; sourceTree = "<group>"; };
		DF3198470FCF8169004CE50D /* UNDHuluDesktopController.m */ = {isa = PBXFileReference; fileEncoding = 4; lastKnownFileType = sourcecode.c.objc; name = UNDHuluDesktopController.m; path = Desktop/UNDHuluDesktopController.m; sourceTree = "<group>"; };
		DF375CBA0F35300700DA7719 /* NetflixAddDialog.h */ = {isa = PBXFileReference; fileEncoding = 4; lastKnownFileType = sourcecode.c.h; name = NetflixAddDialog.h; path = Netflix/NetflixAddDialog.h; sourceTree = "<group>"; };
		DF375CBB0F35300700DA7719 /* NetflixAddDialog.m */ = {isa = PBXFileReference; fileEncoding = 4; lastKnownFileType = sourcecode.c.objc; name = NetflixAddDialog.m; path = Netflix/NetflixAddDialog.m; sourceTree = "<group>"; };
		DF375CBC0F35300700DA7719 /* NetflixAsset.h */ = {isa = PBXFileReference; fileEncoding = 4; lastKnownFileType = sourcecode.c.h; name = NetflixAsset.h; path = Netflix/NetflixAsset.h; sourceTree = "<group>"; };
		DF375CBD0F35300700DA7719 /* NetflixAsset.m */ = {isa = PBXFileReference; fileEncoding = 4; lastKnownFileType = sourcecode.c.objc; name = NetflixAsset.m; path = Netflix/NetflixAsset.m; sourceTree = "<group>"; };
		DF375CBE0F35300700DA7719 /* NetflixController.h */ = {isa = PBXFileReference; fileEncoding = 4; lastKnownFileType = sourcecode.c.h; name = NetflixController.h; path = Netflix/NetflixController.h; sourceTree = "<group>"; };
		DF375CBF0F35300700DA7719 /* NetflixController.m */ = {isa = PBXFileReference; fileEncoding = 4; lastKnownFileType = sourcecode.c.objc; name = NetflixController.m; path = Netflix/NetflixController.m; sourceTree = "<group>"; };
		DF375CC00F35300700DA7719 /* NetflixFeed.h */ = {isa = PBXFileReference; fileEncoding = 4; lastKnownFileType = sourcecode.c.h; name = NetflixFeed.h; path = Netflix/NetflixFeed.h; sourceTree = "<group>"; };
		DF375CC10F35300700DA7719 /* NetflixFeed.m */ = {isa = PBXFileReference; fileEncoding = 4; lastKnownFileType = sourcecode.c.objc; name = NetflixFeed.m; path = Netflix/NetflixFeed.m; sourceTree = "<group>"; };
		DF375D5E0F36049A00DA7719 /* HuluFeedDiscoverer.h */ = {isa = PBXFileReference; fileEncoding = 4; lastKnownFileType = sourcecode.c.h; path = HuluFeedDiscoverer.h; sourceTree = "<group>"; };
		DF375D5F0F36049A00DA7719 /* HuluFeedDiscoverer.m */ = {isa = PBXFileReference; fileEncoding = 4; lastKnownFileType = sourcecode.c.objc; path = HuluFeedDiscoverer.m; sourceTree = "<group>"; };
		DF37B8AB0F59ED5E0017766F /* UNDiPlayerFeed.h */ = {isa = PBXFileReference; fileEncoding = 4; lastKnownFileType = sourcecode.c.h; path = UNDiPlayerFeed.h; sourceTree = "<group>"; };
		DF37B8AC0F59ED5E0017766F /* UNDiPlayerFeed.m */ = {isa = PBXFileReference; fileEncoding = 4; lastKnownFileType = sourcecode.c.objc; path = UNDiPlayerFeed.m; sourceTree = "<group>"; };
		DF37B8AE0F59EFFE0017766F /* UNDiPlayerAsset.h */ = {isa = PBXFileReference; fileEncoding = 4; lastKnownFileType = sourcecode.c.h; path = UNDiPlayerAsset.h; sourceTree = "<group>"; };
		DF37B8AF0F59EFFE0017766F /* UNDiPlayerAsset.m */ = {isa = PBXFileReference; fileEncoding = 4; lastKnownFileType = sourcecode.c.objc; path = UNDiPlayerAsset.m; sourceTree = "<group>"; };
		DF37B8CD0F5AE0940017766F /* UNDNSXMLElement+Parsing.h */ = {isa = PBXFileReference; fileEncoding = 4; lastKnownFileType = sourcecode.c.h; name = "UNDNSXMLElement+Parsing.h"; path = "../BBCiPlayer/UNDNSXMLElement+Parsing.h"; sourceTree = "<group>"; };
		DF37B8CE0F5AE0940017766F /* UNDNSXMLElement+Parsing.m */ = {isa = PBXFileReference; fileEncoding = 4; lastKnownFileType = sourcecode.c.objc; name = "UNDNSXMLElement+Parsing.m"; path = "../BBCiPlayer/UNDNSXMLElement+Parsing.m"; sourceTree = "<group>"; };
		DF37B9100F5AF1F70017766F /* UNDiPlayerController.h */ = {isa = PBXFileReference; fileEncoding = 4; lastKnownFileType = sourcecode.c.h; path = UNDiPlayerController.h; sourceTree = "<group>"; };
		DF37B9110F5AF1F70017766F /* UNDiPlayerController.m */ = {isa = PBXFileReference; fileEncoding = 4; lastKnownFileType = sourcecode.c.objc; path = UNDiPlayerController.m; sourceTree = "<group>"; };
		DF37BA330F5B5DA70017766F /* UNDHuluSelector.h */ = {isa = PBXFileReference; fileEncoding = 4; lastKnownFileType = sourcecode.c.h; path = UNDHuluSelector.h; sourceTree = "<group>"; };
		DF37BA340F5B5DA70017766F /* UNDHuluSelector.m */ = {isa = PBXFileReference; fileEncoding = 4; lastKnownFileType = sourcecode.c.objc; path = UNDHuluSelector.m; sourceTree = "<group>"; };
		DF3D0F620F54CA3E0089CF2B /* LoadingAsset.h */ = {isa = PBXFileReference; fileEncoding = 4; lastKnownFileType = sourcecode.c.h; path = LoadingAsset.h; sourceTree = "<group>"; };
		DF3D0F630F54CA3E0089CF2B /* LoadingAsset.m */ = {isa = PBXFileReference; fileEncoding = 4; lastKnownFileType = sourcecode.c.objc; path = LoadingAsset.m; sourceTree = "<group>"; };
		DF42344F12351DBD0044317C /* UNDNetflixLoadingController.h */ = {isa = PBXFileReference; fileEncoding = 4; lastKnownFileType = sourcecode.c.h; name = UNDNetflixLoadingController.h; path = Netflix/UNDNetflixLoadingController.h; sourceTree = "<group>"; };
		DF42345012351DBD0044317C /* UNDNetflixLoadingController.m */ = {isa = PBXFileReference; fileEncoding = 4; lastKnownFileType = sourcecode.c.objc; name = UNDNetflixLoadingController.m; path = Netflix/UNDNetflixLoadingController.m; sourceTree = "<group>"; };
		DF444EF4123B25F9000331B7 /* PubSub.framework */ = {isa = PBXFileReference; lastKnownFileType = wrapper.framework; name = PubSub.framework; path = System/Library/Frameworks/PubSub.framework; sourceTree = SDKROOT; };
		DF50285C0F7D86A200B04C78 /* UNDYouTubeAddDialog.h */ = {isa = PBXFileReference; fileEncoding = 4; lastKnownFileType = sourcecode.c.h; path = UNDYouTubeAddDialog.h; sourceTree = "<group>"; };
		DF50285D0F7D86A200B04C78 /* UNDYouTubeAddDialog.m */ = {isa = PBXFileReference; fileEncoding = 4; lastKnownFileType = sourcecode.c.objc; path = UNDYouTubeAddDialog.m; sourceTree = "<group>"; };
		DF54B44E1106994D006F0930 /* CoreAudio.framework */ = {isa = PBXFileReference; lastKnownFileType = wrapper.framework; name = CoreAudio.framework; path = System/Library/Frameworks/CoreAudio.framework; sourceTree = SDKROOT; };
		DF54B4B711095D36006F0930 /* UNDVolumeControl.h */ = {isa = PBXFileReference; fileEncoding = 4; lastKnownFileType = sourcecode.c.h; path = UNDVolumeControl.h; sourceTree = "<group>"; };
		DF54B4B811095D36006F0930 /* UNDVolumeControl.m */ = {isa = PBXFileReference; fileEncoding = 4; lastKnownFileType = sourcecode.c.objc; path = UNDVolumeControl.m; sourceTree = "<group>"; };
		DF5A221F0F0FC18200F5F19F /* YouTubeAsset.h */ = {isa = PBXFileReference; fileEncoding = 4; lastKnownFileType = sourcecode.c.h; path = YouTubeAsset.h; sourceTree = "<group>"; };
		DF5A22200F0FC18200F5F19F /* YouTubeAsset.m */ = {isa = PBXFileReference; fileEncoding = 4; lastKnownFileType = sourcecode.c.objc; path = YouTubeAsset.m; sourceTree = "<group>"; };
		DF5A22230F0FD6B400F5F19F /* YouTubeFeed.h */ = {isa = PBXFileReference; fileEncoding = 4; lastKnownFileType = sourcecode.c.h; path = YouTubeFeed.h; sourceTree = "<group>"; };
		DF5A22240F0FD6B400F5F19F /* YouTubeFeed.m */ = {isa = PBXFileReference; fileEncoding = 4; lastKnownFileType = sourcecode.c.objc; path = YouTubeFeed.m; sourceTree = "<group>"; };
		DF5A22380F100E4300F5F19F /* FeedMenuController.h */ = {isa = PBXFileReference; fileEncoding = 4; lastKnownFileType = sourcecode.c.h; path = FeedMenuController.h; sourceTree = "<group>"; };
		DF5A22390F100E4300F5F19F /* FeedMenuController.m */ = {isa = PBXFileReference; fileEncoding = 4; lastKnownFileType = sourcecode.c.objc; path = FeedMenuController.m; sourceTree = "<group>"; };
		DF5A23920F11240400F5F19F /* BaseController.h */ = {isa = PBXFileReference; fileEncoding = 4; lastKnownFileType = sourcecode.c.h; path = BaseController.h; sourceTree = "<group>"; };
		DF5A23930F11240400F5F19F /* BaseController.m */ = {isa = PBXFileReference; fileEncoding = 4; lastKnownFileType = sourcecode.c.objc; path = BaseController.m; sourceTree = "<group>"; };
		DF5A244E0F11366F00F5F19F /* UnderstudyAsset.h */ = {isa = PBXFileReference; fileEncoding = 4; lastKnownFileType = sourcecode.c.h; path = UnderstudyAsset.h; sourceTree = "<group>"; };
		DF6F9F860F9263AA00AB41CF /* UNDNetflixCollection.m */ = {isa = PBXFileReference; fileEncoding = 4; lastKnownFileType = sourcecode.c.objc; name = UNDNetflixCollection.m; path = Netflix/UNDNetflixCollection.m; sourceTree = "<group>"; };
		DF6F9F870F9263AA00AB41CF /* UNDNetflixCollection.h */ = {isa = PBXFileReference; fileEncoding = 4; lastKnownFileType = sourcecode.c.h; name = UNDNetflixCollection.h; path = Netflix/UNDNetflixCollection.h; sourceTree = "<group>"; };
		DF7D07670F86A0BD0014A0FB /* Security.framework */ = {isa = PBXFileReference; lastKnownFileType = wrapper.framework; name = Security.framework; path = System/Library/Frameworks/Security.framework; sourceTree = SDKROOT; };
		DF7D07720F86A67B0014A0FB /* UNDPasswordProvider.h */ = {isa = PBXFileReference; fileEncoding = 4; lastKnownFileType = sourcecode.c.h; path = UNDPasswordProvider.h; sourceTree = "<group>"; };
		DF7D07730F86A67B0014A0FB /* UNDPasswordProvider.m */ = {isa = PBXFileReference; fileEncoding = 4; lastKnownFileType = sourcecode.c.objc; path = UNDPasswordProvider.m; sourceTree = "<group>"; };
		DF7D97040F08647400C9B7FB /* HuluAddDialog.h */ = {isa = PBXFileReference; fileEncoding = 4; lastKnownFileType = sourcecode.c.h; path = HuluAddDialog.h; sourceTree = "<group>"; };
		DF7D97050F08647400C9B7FB /* HuluAddDialog.m */ = {isa = PBXFileReference; fileEncoding = 4; lastKnownFileType = sourcecode.c.objc; path = HuluAddDialog.m; sourceTree = "<group>"; };
		DF7D97060F08647400C9B7FB /* HuluAsset.h */ = {isa = PBXFileReference; fileEncoding = 4; lastKnownFileType = sourcecode.c.h; path = HuluAsset.h; sourceTree = "<group>"; };
		DF7D97070F08647400C9B7FB /* HuluAsset.m */ = {isa = PBXFileReference; fileEncoding = 4; lastKnownFileType = sourcecode.c.objc; path = HuluAsset.m; sourceTree = "<group>"; };
		DF7D970A0F08647400C9B7FB /* HuluFeed.h */ = {isa = PBXFileReference; fileEncoding = 4; lastKnownFileType = sourcecode.c.h; path = HuluFeed.h; sourceTree = "<group>"; };
		DF7D970B0F08647400C9B7FB /* HuluFeed.m */ = {isa = PBXFileReference; fileEncoding = 4; lastKnownFileType = sourcecode.c.objc; path = HuluFeed.m; sourceTree = "<group>"; };
		DF7F84EF0EE3354E0049E5C3 /* BackRow.framework */ = {isa = PBXFileReference; lastKnownFileType = wrapper.framework; name = BackRow.framework; path = /System/Library/PrivateFrameworks/BackRow.framework; sourceTree = "<absolute>"; };
		DF906CFE127B5D3A00B95C6E /* UNDNetflixKeyboardDevice.m */ = {isa = PBXFileReference; fileEncoding = 4; lastKnownFileType = sourcecode.c.objc; name = UNDNetflixKeyboardDevice.m; path = Netflix/Player/UNDNetflixKeyboardDevice.m; sourceTree = "<group>"; };
		DFA511970F1A8E5B00FC903B /* HuluController.h */ = {isa = PBXFileReference; fileEncoding = 4; lastKnownFileType = sourcecode.c.h; path = HuluController.h; sourceTree = "<group>"; };
		DFA511980F1A8E5B00FC903B /* HuluController.m */ = {isa = PBXFileReference; fileEncoding = 4; lastKnownFileType = sourcecode.c.objc; path = HuluController.m; sourceTree = "<group>"; };
		DFA512340F1A92D900FC903B /* YouTubeController.h */ = {isa = PBXFileReference; fileEncoding = 4; lastKnownFileType = sourcecode.c.h; path = YouTubeController.h; sourceTree = "<group>"; };
		DFA512350F1A92F300FC903B /* YouTubeController.m */ = {isa = PBXFileReference; fileEncoding = 4; lastKnownFileType = sourcecode.c.objc; path = YouTubeController.m; sourceTree = "<group>"; };
		DFC24EDE1068360500B4D149 /* NetflixPlayer.app */ = {isa = PBXFileReference; explicitFileType = wrapper.application; includeInIndex = 0; path = NetflixPlayer.app; sourceTree = BUILT_PRODUCTS_DIR; };
		DFC24F3F106867E800B4D149 /* main.m */ = {isa = PBXFileReference; fileEncoding = 4; lastKnownFileType = sourcecode.c.objc; path = main.m; sourceTree = "<group>"; };
		DFC24F40106867E800B4D149 /* UNDNetflixPlayer.h */ = {isa = PBXFileReference; fileEncoding = 4; lastKnownFileType = sourcecode.c.h; path = UNDNetflixPlayer.h; sourceTree = "<group>"; };
		DFC24F41106867E800B4D149 /* UNDNetflixPlayer.m */ = {isa = PBXFileReference; fileEncoding = 4; lastKnownFileType = sourcecode.c.objc; path = UNDNetflixPlayer.m; sourceTree = "<group>"; };
		DFC9BEB21273DE4D006B91FA /* AppKit.framework */ = {isa = PBXFileReference; lastKnownFileType = wrapper.framework; name = AppKit.framework; path = System/Library/Frameworks/AppKit.framework; sourceTree = SDKROOT; };
		DFCDFB090F3E2E9300D979F0 /* AddFeedDialog.h */ = {isa = PBXFileReference; fileEncoding = 4; lastKnownFileType = sourcecode.c.h; path = AddFeedDialog.h; sourceTree = "<group>"; };
		DFCDFB0A0F3E2E9300D979F0 /* AddFeedDialog.m */ = {isa = PBXFileReference; fileEncoding = 4; lastKnownFileType = sourcecode.c.objc; path = AddFeedDialog.m; sourceTree = "<group>"; };
		DFCDFB0B0F3E2E9300D979F0 /* MainMenuController.h */ = {isa = PBXFileReference; fileEncoding = 4; lastKnownFileType = sourcecode.c.h; path = MainMenuController.h; sourceTree = "<group>"; };
		DFCDFB0C0F3E2E9300D979F0 /* MainMenuController.m */ = {isa = PBXFileReference; fileEncoding = 4; lastKnownFileType = sourcecode.c.objc; path = MainMenuController.m; sourceTree = "<group>"; };
		DFCDFB0D0F3E2E9300D979F0 /* ManageFeedsDialog.h */ = {isa = PBXFileReference; fileEncoding = 4; lastKnownFileType = sourcecode.c.h; path = ManageFeedsDialog.h; sourceTree = "<group>"; };
		DFCDFB0E0F3E2E9300D979F0 /* ManageFeedsDialog.m */ = {isa = PBXFileReference; fileEncoding = 4; lastKnownFileType = sourcecode.c.objc; path = ManageFeedsDialog.m; sourceTree = "<group>"; };
		DFCDFB0F0F3E2E9300D979F0 /* RenameDialog.h */ = {isa = PBXFileReference; fileEncoding = 4; lastKnownFileType = sourcecode.c.h; path = RenameDialog.h; sourceTree = "<group>"; };
		DFCDFB100F3E2E9300D979F0 /* RenameDialog.m */ = {isa = PBXFileReference; fileEncoding = 4; lastKnownFileType = sourcecode.c.objc; path = RenameDialog.m; sourceTree = "<group>"; };
		DFCDFB1A0F3E2F7800D979F0 /* ApplianceIcon.png */ = {isa = PBXFileReference; explicitFileType = image.png; name = ApplianceIcon.png; path = Resources/ApplianceIcon.png; sourceTree = "<group>"; };
		DFCDFC510F3E72A400D979F0 /* BaseUnderstudyAsset.h */ = {isa = PBXFileReference; fileEncoding = 4; lastKnownFileType = sourcecode.c.h; path = BaseUnderstudyAsset.h; sourceTree = "<group>"; };
		DFCDFC520F3E72A400D979F0 /* BaseUnderstudyAsset.m */ = {isa = PBXFileReference; fileEncoding = 4; lastKnownFileType = sourcecode.c.objc; path = BaseUnderstudyAsset.m; sourceTree = "<group>"; };
		DFE014940EDF681D00AFD18F /* WebKit.framework */ = {isa = PBXFileReference; lastKnownFileType = wrapper.framework; name = WebKit.framework; path = /System/Library/Frameworks/WebKit.framework; sourceTree = "<absolute>"; };
		DFE8E7B40F52130200A5E120 /* UNDPreferenceManager.h */ = {isa = PBXFileReference; fileEncoding = 4; lastKnownFileType = sourcecode.c.h; name = UNDPreferenceManager.h; path = ../Menuing/UNDPreferenceManager.h; sourceTree = "<group>"; };
		DFE8E7B50F52130200A5E120 /* UNDPreferenceManager.m */ = {isa = PBXFileReference; fileEncoding = 4; lastKnownFileType = sourcecode.c.objc; name = UNDPreferenceManager.m; path = ../Menuing/UNDPreferenceManager.m; sourceTree = "<group>"; };
/* End PBXFileReference section */

/* Begin PBXFrameworksBuildPhase section */
		8D5B49B3048680CD000E48DA /* Frameworks */ = {
			isa = PBXFrameworksBuildPhase;
			buildActionMask = 2147483647;
			files = (
				8D5B49B4048680CD000E48DA /* Cocoa.framework in Frameworks */,
				DF0C59430EA9030E00E0D882 /* QuartzCore.framework in Frameworks */,
				DFE014950EDF681D00AFD18F /* WebKit.framework in Frameworks */,
				DF7F84F00EE3354E0049E5C3 /* BackRow.framework in Frameworks */,
				DF00C4620F22CF8F003A5122 /* ExceptionHandling.framework in Frameworks */,
				DF2EB1960F574D5200D650B7 /* IOKit.framework in Frameworks */,
				DF2EB2110F577F0C00D650B7 /* Carbon.framework in Frameworks */,
				DF7D07680F86A0BE0014A0FB /* Security.framework in Frameworks */,
				DF444EF5123B25F9000331B7 /* PubSub.framework in Frameworks */,
			);
			runOnlyForDeploymentPostprocessing = 0;
		};
		DF318F2C0FC4B418004CE50D /* Frameworks */ = {
			isa = PBXFrameworksBuildPhase;
			buildActionMask = 2147483647;
			files = (
				DF318FF60FC5B6C1004CE50D /* WebKit.framework in Frameworks */,
				DF3191060FC5D608004CE50D /* IOKit.framework in Frameworks */,
				DF3191C70FC5D62F004CE50D /* Carbon.framework in Frameworks */,
				DF3195F50FC85BFB004CE50D /* Security.framework in Frameworks */,
				DF3195F70FC85C43004CE50D /* BackRow.framework in Frameworks */,
				DF444F34123C2663000331B7 /* PubSub.framework in Frameworks */,
			);
			runOnlyForDeploymentPostprocessing = 0;
		};
		DF3197DF0FCF54FB004CE50D /* Frameworks */ = {
			isa = PBXFrameworksBuildPhase;
			buildActionMask = 2147483647;
			files = (
				DFC9BEB31273DE4D006B91FA /* AppKit.framework in Frameworks */,
			);
			runOnlyForDeploymentPostprocessing = 0;
		};
		DFC24ED41068360500B4D149 /* Frameworks */ = {
			isa = PBXFrameworksBuildPhase;
			buildActionMask = 2147483647;
			files = (
				DFC24ED51068360500B4D149 /* WebKit.framework in Frameworks */,
				DFC24ED61068360500B4D149 /* IOKit.framework in Frameworks */,
				DFC24ED71068360500B4D149 /* Carbon.framework in Frameworks */,
				DFC24ED81068360500B4D149 /* Security.framework in Frameworks */,
				DFC24ED91068360500B4D149 /* BackRow.framework in Frameworks */,
				DF54B44F1106994D006F0930 /* CoreAudio.framework in Frameworks */,
				DF444F33123C2661000331B7 /* PubSub.framework in Frameworks */,
			);
			runOnlyForDeploymentPostprocessing = 0;
		};
/* End PBXFrameworksBuildPhase section */

/* Begin PBXGroup section */
		089C166AFE841209C02AAC07 /* HelloWorld */ = {
			isa = PBXGroup;
			children = (
				DF906CFE127B5D3A00B95C6E /* UNDNetflixKeyboardDevice.m */,
				08FB77AFFE84173DC02AAC07 /* Classes */,
				32C88E010371C26100C91783 /* Other Sources */,
				089C167CFE841241C02AAC07 /* Resources */,
				089C1671FE841209C02AAC07 /* Frameworks and Libraries */,
				19C28FB8FE9D52D311CA2CBB /* Products */,
				DF54B44E1106994D006F0930 /* CoreAudio.framework */,
				DFC9BEB21273DE4D006B91FA /* AppKit.framework */,
				DF444EF4123B25F9000331B7 /* PubSub.framework */,
			);
			name = HelloWorld;
			sourceTree = "<group>";
		};
		089C1671FE841209C02AAC07 /* Frameworks and Libraries */ = {
			isa = PBXGroup;
			children = (
				DF7D07670F86A0BD0014A0FB /* Security.framework */,
				DF00C4610F22CF8F003A5122 /* ExceptionHandling.framework */,
				1058C7ACFEA557BF11CA2CBB /* Linked Frameworks */,
			);
			name = "Frameworks and Libraries";
			sourceTree = "<group>";
		};
		089C167CFE841241C02AAC07 /* Resources */ = {
			isa = PBXGroup;
			children = (
				34E1C7EC119B2587001ED87C /* NetflixPlayer-Info.plist */,
				DF0EDFCA0EE5E187008FA08A /* English.lproj */,
				DFCDFB1A0F3E2F7800D979F0 /* ApplianceIcon.png */,
				8D5B49B7048680CD000E48DA /* Info.plist */,
				DF3197E30FCF54FB004CE50D /* HuluDesktop-Info.plist */,
				DF318F300FC4B418004CE50D /* HuluPlayer-Info.plist */,
			);
			name = Resources;
			sourceTree = "<group>";
		};
		08FB77AFFE84173DC02AAC07 /* Classes */ = {
			isa = PBXGroup;
			children = (
				DF3190460FC5D38B004CE50D /* RemoteControlWrapper */,
				DF5A22370F100E4300F5F19F /* Base */,
				DFCDFB080F3E2E9300D979F0 /* Menuing */,
				DF37B8E40F5AE9400017766F /* Utilities */,
				DF37B8AA0F59ED1F0017766F /* BBCiPlayer */,
				DF7D97030F08647400C9B7FB /* Hulu */,
				DF375CC60F35302600DA7719 /* Netflix */,
				DF5A221E0F0FC14B00F5F19F /* YouTube */,
				918B27AF0D7CFB2100D87AC2 /* UnderstudyAppliance.h */,
				918B27B00D7CFB2100D87AC2 /* UnderstudyAppliance.m */,
			);
			name = Classes;
			sourceTree = "<group>";
		};
		1058C7ACFEA557BF11CA2CBB /* Linked Frameworks */ = {
			isa = PBXGroup;
			children = (
				DF2EB2100F577F0C00D650B7 /* Carbon.framework */,
				DF2EB1950F574D5200D650B7 /* IOKit.framework */,
				089C1672FE841209C02AAC07 /* Foundation.framework */,
				D2F7E65807B2D6F200F64583 /* CoreData.framework */,
				089C167FFE841241C02AAC07 /* AppKit.framework */,
				DFE014940EDF681D00AFD18F /* WebKit.framework */,
				DF0C59420EA9030E00E0D882 /* QuartzCore.framework */,
				DF7F84EF0EE3354E0049E5C3 /* BackRow.framework */,
				1058C7ADFEA557BF11CA2CBB /* Cocoa.framework */,
			);
			name = "Linked Frameworks";
			sourceTree = "<group>";
		};
		19C28FB8FE9D52D311CA2CBB /* Products */ = {
			isa = PBXGroup;
			children = (
				8D5B49B6048680CD000E48DA /* frUnderstudy.frappliance */,
				DF318F2E0FC4B418004CE50D /* HuluPlayer.app */,
				DF3197E10FCF54FB004CE50D /* HuluDesktop.app */,
				DFC24EDE1068360500B4D149 /* NetflixPlayer.app */,
			);
			name = Products;
			sourceTree = "<group>";
		};
		32C88E010371C26100C91783 /* Other Sources */ = {
			isa = PBXGroup;
			children = (
				DF0C96B40EE5BA9F00E85372 /* understudy_Prefix.pch */,
			);
			name = "Other Sources";
			sourceTree = "<group>";
		};
		DF318FFD0FC5B8EE004CE50D /* Player */ = {
			isa = PBXGroup;
			children = (
				DF3196B60FC8CF7F004CE50D /* UNDHuluFSSelector.h */,
				DF3196B70FC8CF7F004CE50D /* UNDHuluFSSelector.m */,
				DF318FFE0FC5B916004CE50D /* main.m */,
				DF3193060FC71844004CE50D /* UNDHuluPlayer.m */,
				DF3193050FC71844004CE50D /* UNDHuluPlayer.h */,
			);
			name = Player;
			sourceTree = "<group>";
		};
		DF3190460FC5D38B004CE50D /* RemoteControlWrapper */ = {
			isa = PBXGroup;
			children = (
				DF3190310FC5D34B004CE50D /* AppleRemote.h */,
				DF3190320FC5D34B004CE50D /* AppleRemote.m */,
				DF31928E0FC6FA4C004CE50D /* FrontRowKeyboardDevice.h */,
				DF31928F0FC6FA4C004CE50D /* FrontRowKeyboardDevice.m */,
				DF3191C90FC5D657004CE50D /* GlobalKeyboardDevice.h */,
				DF3191CA0FC5D657004CE50D /* GlobalKeyboardDevice.m */,
				DF3190560FC5D598004CE50D /* HIDRemoteControlDevice.h */,
				DF3190570FC5D598004CE50D /* HIDRemoteControlDevice.m */,
				DF3190470FC5D3C9004CE50D /* RemoteControl.h */,
				DF3190480FC5D3C9004CE50D /* RemoteControl.m */,
				DF3192D30FC6FD92004CE50D /* RemoteControlContainer.h */,
				DF3192D40FC6FD92004CE50D /* RemoteControlContainer.m */,
			);
			name = RemoteControlWrapper;
			sourceTree = "<group>";
		};
		DF3198090FCF7C71004CE50D /* Desktop */ = {
			isa = PBXGroup;
			children = (
				DF3198460FCF8169004CE50D /* UNDHuluDesktopController.h */,
				DF3198470FCF8169004CE50D /* UNDHuluDesktopController.m */,
				DF3198110FCF7F1C004CE50D /* UNDHuluDesktopAsset.h */,
				DF3198120FCF7F1C004CE50D /* UNDHuluDesktopAsset.m */,
				DF31980B0FCF7CC3004CE50D /* main.m */,
			);
			name = Desktop;
			sourceTree = "<group>";
		};
		DF375CC60F35302600DA7719 /* Netflix */ = {
			isa = PBXGroup;
			children = (
				DFC24F3E106867E800B4D149 /* Player */,
				DF375CBA0F35300700DA7719 /* NetflixAddDialog.h */,
				DF375CBB0F35300700DA7719 /* NetflixAddDialog.m */,
				DF375CBC0F35300700DA7719 /* NetflixAsset.h */,
				DF375CBD0F35300700DA7719 /* NetflixAsset.m */,
				DF375CBE0F35300700DA7719 /* NetflixController.h */,
				DF375CBF0F35300700DA7719 /* NetflixController.m */,
				DF375CC00F35300700DA7719 /* NetflixFeed.h */,
				DF375CC10F35300700DA7719 /* NetflixFeed.m */,
				DF6F9F870F9263AA00AB41CF /* UNDNetflixCollection.h */,
				DF6F9F860F9263AA00AB41CF /* UNDNetflixCollection.m */,
				DF42344F12351DBD0044317C /* UNDNetflixLoadingController.h */,
				DF42345012351DBD0044317C /* UNDNetflixLoadingController.m */,
			);
			name = Netflix;
			sourceTree = "<group>";
		};
		DF37B8AA0F59ED1F0017766F /* BBCiPlayer */ = {
			isa = PBXGroup;
			children = (
				DF37B8AB0F59ED5E0017766F /* UNDiPlayerFeed.h */,
				DF37B8AC0F59ED5E0017766F /* UNDiPlayerFeed.m */,
				DF37B8AE0F59EFFE0017766F /* UNDiPlayerAsset.h */,
				DF37B8AF0F59EFFE0017766F /* UNDiPlayerAsset.m */,
				DF37B9100F5AF1F70017766F /* UNDiPlayerController.h */,
				DF37B9110F5AF1F70017766F /* UNDiPlayerController.m */,
				DF0DA1FE0F817BCE004AF3C3 /* UNDiPlayerAddDialog.h */,
				DF0DA1FF0F817BCE004AF3C3 /* UNDiPlayerAddDialog.m */,
			);
			path = BBCiPlayer;
			sourceTree = "<group>";
		};
		DF37B8E40F5AE9400017766F /* Utilities */ = {
			isa = PBXGroup;
			children = (
				DF54B4B711095D36006F0930 /* UNDVolumeControl.h */,
				DF54B4B811095D36006F0930 /* UNDVolumeControl.m */,
				DFE8E7B40F52130200A5E120 /* UNDPreferenceManager.h */,
				DFE8E7B50F52130200A5E120 /* UNDPreferenceManager.m */,
				DF37B8CD0F5AE0940017766F /* UNDNSXMLElement+Parsing.h */,
				DF37B8CE0F5AE0940017766F /* UNDNSXMLElement+Parsing.m */,
				DF7D07720F86A67B0014A0FB /* UNDPasswordProvider.h */,
				DF7D07730F86A67B0014A0FB /* UNDPasswordProvider.m */,
				DF31936B0FC71D91004CE50D /* UNDPluginControl.h */,
				DF31936C0FC71D91004CE50D /* UNDPluginControl.m */,
			);
			path = Utilities;
			sourceTree = "<group>";
		};
		DF5A221E0F0FC14B00F5F19F /* YouTube */ = {
			isa = PBXGroup;
			children = (
				DF5A221F0F0FC18200F5F19F /* YouTubeAsset.h */,
				DF5A22200F0FC18200F5F19F /* YouTubeAsset.m */,
				DFA512340F1A92D900FC903B /* YouTubeController.h */,
				DFA512350F1A92F300FC903B /* YouTubeController.m */,
				DF5A22230F0FD6B400F5F19F /* YouTubeFeed.h */,
				DF5A22240F0FD6B400F5F19F /* YouTubeFeed.m */,
				DF50285C0F7D86A200B04C78 /* UNDYouTubeAddDialog.h */,
				DF50285D0F7D86A200B04C78 /* UNDYouTubeAddDialog.m */,
			);
			path = YouTube;
			sourceTree = "<group>";
		};
		DF5A22370F100E4300F5F19F /* Base */ = {
			isa = PBXGroup;
			children = (
				DF5A244E0F11366F00F5F19F /* UnderstudyAsset.h */,
				DFCDFC510F3E72A400D979F0 /* BaseUnderstudyAsset.h */,
				DFCDFC520F3E72A400D979F0 /* BaseUnderstudyAsset.m */,
				DF5A23920F11240400F5F19F /* BaseController.h */,
				DF5A23930F11240400F5F19F /* BaseController.m */,
				DF5A22380F100E4300F5F19F /* FeedMenuController.h */,
				DF5A22390F100E4300F5F19F /* FeedMenuController.m */,
				DF3D0F620F54CA3E0089CF2B /* LoadingAsset.h */,
				DF3D0F630F54CA3E0089CF2B /* LoadingAsset.m */,
			);
			path = Base;
			sourceTree = "<group>";
		};
		DF7D97030F08647400C9B7FB /* Hulu */ = {
			isa = PBXGroup;
			children = (
				DF3198090FCF7C71004CE50D /* Desktop */,
				DF318FFD0FC5B8EE004CE50D /* Player */,
				DF7D97040F08647400C9B7FB /* HuluAddDialog.h */,
				DF7D97050F08647400C9B7FB /* HuluAddDialog.m */,
				DF7D97070F08647400C9B7FB /* HuluAsset.m */,
				DF7D97060F08647400C9B7FB /* HuluAsset.h */,
				DFA511970F1A8E5B00FC903B /* HuluController.h */,
				DFA511980F1A8E5B00FC903B /* HuluController.m */,
				DF7D970A0F08647400C9B7FB /* HuluFeed.h */,
				DF7D970B0F08647400C9B7FB /* HuluFeed.m */,
				DF375D5E0F36049A00DA7719 /* HuluFeedDiscoverer.h */,
				DF375D5F0F36049A00DA7719 /* HuluFeedDiscoverer.m */,
				DF37BA330F5B5DA70017766F /* UNDHuluSelector.h */,
				DF37BA340F5B5DA70017766F /* UNDHuluSelector.m */,
			);
			path = Hulu;
			sourceTree = "<group>";
		};
		DFC24F3E106867E800B4D149 /* Player */ = {
			isa = PBXGroup;
			children = (
				DFC24F3F106867E800B4D149 /* main.m */,
				DFC24F40106867E800B4D149 /* UNDNetflixPlayer.h */,
				DFC24F41106867E800B4D149 /* UNDNetflixPlayer.m */,
			);
			name = Player;
			path = Netflix/Player;
			sourceTree = "<group>";
		};
		DFCDFB080F3E2E9300D979F0 /* Menuing */ = {
			isa = PBXGroup;
			children = (
				DFCDFB090F3E2E9300D979F0 /* AddFeedDialog.h */,
				DFCDFB0A0F3E2E9300D979F0 /* AddFeedDialog.m */,
				DFCDFB0B0F3E2E9300D979F0 /* MainMenuController.h */,
				DFCDFB0C0F3E2E9300D979F0 /* MainMenuController.m */,
				DFCDFB0D0F3E2E9300D979F0 /* ManageFeedsDialog.h */,
				DFCDFB0E0F3E2E9300D979F0 /* ManageFeedsDialog.m */,
				DFCDFB0F0F3E2E9300D979F0 /* RenameDialog.h */,
				DFCDFB100F3E2E9300D979F0 /* RenameDialog.m */,
			);
			path = Menuing;
			sourceTree = "<group>";
		};
/* End PBXGroup section */

/* Begin PBXNativeTarget section */
		8D5B49AC048680CD000E48DA /* Understudy */ = {
			isa = PBXNativeTarget;
			buildConfigurationList = 1DEB913A08733D840010E9CD /* Build configuration list for PBXNativeTarget "Understudy" */;
			buildPhases = (
				8D5B49AF048680CD000E48DA /* Resources */,
				8D5B49B1048680CD000E48DA /* Sources */,
				8D5B49B3048680CD000E48DA /* Frameworks */,
				DF3196210FC88F33004CE50D /* Copy External Launchers */,
			);
			buildRules = (
			);
			dependencies = (
				DF3195C20FC8555A004CE50D /* PBXTargetDependency */,
				DF3197F70FCF7B7E004CE50D /* PBXTargetDependency */,
				DF6D11E210F93B550092F20B /* PBXTargetDependency */,
			);
			name = Understudy;
			productInstallPath = "$(HOME)/Library/Bundles";
			productName = HelloWorld;
			productReference = 8D5B49B6048680CD000E48DA /* frUnderstudy.frappliance */;
			productType = "com.apple.product-type.bundle";
		};
		DF318F2D0FC4B418004CE50D /* HuluPlayer */ = {
			isa = PBXNativeTarget;
			buildConfigurationList = DF318F330FC4B41A004CE50D /* Build configuration list for PBXNativeTarget "HuluPlayer" */;
			buildPhases = (
				DF318F2B0FC4B418004CE50D /* Sources */,
				DF318F2C0FC4B418004CE50D /* Frameworks */,
				DF318F2A0FC4B418004CE50D /* Resources */,
			);
			buildRules = (
			);
			dependencies = (
			);
			name = HuluPlayer;
			productName = UnderstudyHelper;
			productReference = DF318F2E0FC4B418004CE50D /* HuluPlayer.app */;
			productType = "com.apple.product-type.application";
		};
		DF3197E00FCF54FB004CE50D /* HuluDesktop */ = {
			isa = PBXNativeTarget;
			buildConfigurationList = DF3197E60FCF54FD004CE50D /* Build configuration list for PBXNativeTarget "HuluDesktop" */;
			buildPhases = (
				DF3197DD0FCF54FB004CE50D /* Resources */,
				DF3197DE0FCF54FB004CE50D /* Sources */,
				DF3197DF0FCF54FB004CE50D /* Frameworks */,
			);
			buildRules = (
			);
			dependencies = (
			);
			name = HuluDesktop;
			productName = HuluDesktop;
			productReference = DF3197E10FCF54FB004CE50D /* HuluDesktop.app */;
			productType = "com.apple.product-type.application";
		};
		DFC24EC51068360500B4D149 /* NetflixPlayer */ = {
			isa = PBXNativeTarget;
			buildConfigurationList = DFC24EDB1068360500B4D149 /* Build configuration list for PBXNativeTarget "NetflixPlayer" */;
			buildPhases = (
				DFC24EC61068360500B4D149 /* Sources */,
				DFC24ED41068360500B4D149 /* Frameworks */,
				DFC24EDA1068360500B4D149 /* Resources */,
			);
			buildRules = (
			);
			dependencies = (
			);
			name = NetflixPlayer;
			productName = UnderstudyHelper;
			productReference = DFC24EDE1068360500B4D149 /* NetflixPlayer.app */;
			productType = "com.apple.product-type.application";
		};
/* End PBXNativeTarget section */

/* Begin PBXProject section */
		089C1669FE841209C02AAC07 /* Project object */ = {
			isa = PBXProject;
			buildConfigurationList = 1DEB913E08733D840010E9CD /* Build configuration list for PBXProject "understudy" */;
			compatibilityVersion = "Xcode 3.0";
			hasScannedForEncodings = 1;
			mainGroup = 089C166AFE841209C02AAC07 /* HelloWorld */;
			projectDirPath = "";
			projectRoot = "";
			targets = (
				8D5B49AC048680CD000E48DA /* Understudy */,
				DF318F2D0FC4B418004CE50D /* HuluPlayer */,
				DF3197E00FCF54FB004CE50D /* HuluDesktop */,
				DFC24EC51068360500B4D149 /* NetflixPlayer */,
			);
		};
/* End PBXProject section */

/* Begin PBXResourcesBuildPhase section */
		8D5B49AF048680CD000E48DA /* Resources */ = {
			isa = PBXResourcesBuildPhase;
			buildActionMask = 2147483647;
			files = (
				DFCDFB1B0F3E2F7800D979F0 /* ApplianceIcon.png in Resources */,
				DF0EDFCD0EE5E187008FA08A /* English.lproj in Resources */,
			);
			runOnlyForDeploymentPostprocessing = 0;
		};
		DF318F2A0FC4B418004CE50D /* Resources */ = {
			isa = PBXResourcesBuildPhase;
			buildActionMask = 2147483647;
			files = (
			);
			runOnlyForDeploymentPostprocessing = 0;
		};
		DF3197DD0FCF54FB004CE50D /* Resources */ = {
			isa = PBXResourcesBuildPhase;
			buildActionMask = 2147483647;
			files = (
			);
			runOnlyForDeploymentPostprocessing = 0;
		};
		DFC24EDA1068360500B4D149 /* Resources */ = {
			isa = PBXResourcesBuildPhase;
			buildActionMask = 2147483647;
			files = (
			);
			runOnlyForDeploymentPostprocessing = 0;
		};
/* End PBXResourcesBuildPhase section */

/* Begin PBXShellScriptBuildPhase section */
		DF3196210FC88F33004CE50D /* Copy External Launchers */ = {
			isa = PBXShellScriptBuildPhase;
			buildActionMask = 2147483647;
			files = (
			);
			inputPaths = (
			);
			name = "Copy External Launchers";
			outputPaths = (
			);
			runOnlyForDeploymentPostprocessing = 0;
			shellPath = /bin/sh;
			shellScript = "mkdir -p $TARGET_BUILD_DIR/$SHARED_SUPPORT_FOLDER_PATH/\ncp -r $TARGET_BUILD_DIR/HuluPlayer.app $TARGET_BUILD_DIR/$SHARED_SUPPORT_FOLDER_PATH/\ncp -r $TARGET_BUILD_DIR/HuluDesktop.app $TARGET_BUILD_DIR/$SHARED_SUPPORT_FOLDER_PATH/\ncp -r $TARGET_BUILD_DIR/NetflixPlayer.app $TARGET_BUILD_DIR/$SHARED_SUPPORT_FOLDER_PATH/";
			showEnvVarsInLog = 0;
		};
/* End PBXShellScriptBuildPhase section */

/* Begin PBXSourcesBuildPhase section */
		8D5B49B1048680CD000E48DA /* Sources */ = {
			isa = PBXSourcesBuildPhase;
			buildActionMask = 2147483647;
			files = (
				918B27B10D7CFB2100D87AC2 /* UnderstudyAppliance.m in Sources */,
				DF7D970C0F08647400C9B7FB /* HuluAddDialog.m in Sources */,
				DF7D970D0F08647400C9B7FB /* HuluAsset.m in Sources */,
				DF7D970F0F08647400C9B7FB /* HuluFeed.m in Sources */,
				DF5A22210F0FC18200F5F19F /* YouTubeAsset.m in Sources */,
				DF5A22250F0FD6B400F5F19F /* YouTubeFeed.m in Sources */,
				DF5A223C0F100E4300F5F19F /* FeedMenuController.m in Sources */,
				DF5A23940F11240400F5F19F /* BaseController.m in Sources */,
				DFA511990F1A8E5B00FC903B /* HuluController.m in Sources */,
				DFA512360F1A92F300FC903B /* YouTubeController.m in Sources */,
				DF375CC20F35300700DA7719 /* NetflixAddDialog.m in Sources */,
				DF375CC30F35300700DA7719 /* NetflixAsset.m in Sources */,
				DF375CC40F35300700DA7719 /* NetflixController.m in Sources */,
				DF375CC50F35300700DA7719 /* NetflixFeed.m in Sources */,
				DF375D600F36049A00DA7719 /* HuluFeedDiscoverer.m in Sources */,
				DFCDFB110F3E2E9300D979F0 /* AddFeedDialog.m in Sources */,
				DFCDFB120F3E2E9300D979F0 /* MainMenuController.m in Sources */,
				DFCDFB130F3E2E9300D979F0 /* ManageFeedsDialog.m in Sources */,
				DFCDFB140F3E2E9300D979F0 /* RenameDialog.m in Sources */,
				DFCDFC530F3E72A400D979F0 /* BaseUnderstudyAsset.m in Sources */,
				DFE8E7B60F52130200A5E120 /* UNDPreferenceManager.m in Sources */,
				DF3D0F640F54CA3E0089CF2B /* LoadingAsset.m in Sources */,
				DF37B8AD0F59ED5E0017766F /* UNDiPlayerFeed.m in Sources */,
				DF37B8B00F59EFFE0017766F /* UNDiPlayerAsset.m in Sources */,
				DF37B8CF0F5AE0940017766F /* UNDNSXMLElement+Parsing.m in Sources */,
				DF37B9120F5AF1F70017766F /* UNDiPlayerController.m in Sources */,
				DF50285E0F7D86A200B04C78 /* UNDYouTubeAddDialog.m in Sources */,
				DF0DA2000F817BCE004AF3C3 /* UNDiPlayerAddDialog.m in Sources */,
				DF7D07740F86A67B0014A0FB /* UNDPasswordProvider.m in Sources */,
				DF6F9F880F9263AA00AB41CF /* UNDNetflixCollection.m in Sources */,
				DF3197D00FCCE3BD004CE50D /* UNDPluginControl.m in Sources */,
				DF3198130FCF7F1C004CE50D /* UNDHuluDesktopAsset.m in Sources */,
				DF3198480FCF8169004CE50D /* UNDHuluDesktopController.m in Sources */,
				DF42345112351DBD0044317C /* UNDNetflixLoadingController.m in Sources */,
			);
			runOnlyForDeploymentPostprocessing = 0;
		};
		DF318F2B0FC4B418004CE50D /* Sources */ = {
			isa = PBXSourcesBuildPhase;
			buildActionMask = 2147483647;
			files = (
				DF3190330FC5D34B004CE50D /* AppleRemote.m in Sources */,
				DF3190490FC5D3C9004CE50D /* RemoteControl.m in Sources */,
				DF3190580FC5D598004CE50D /* HIDRemoteControlDevice.m in Sources */,
				DF3191CB0FC5D658004CE50D /* GlobalKeyboardDevice.m in Sources */,
				DF3192900FC6FA4C004CE50D /* FrontRowKeyboardDevice.m in Sources */,
				DF3192D50FC6FD92004CE50D /* RemoteControlContainer.m in Sources */,
				DF3193070FC71844004CE50D /* UNDHuluPlayer.m in Sources */,
				DF31936D0FC71D91004CE50D /* UNDPluginControl.m in Sources */,
				DF3193ED0FC7240A004CE50D /* UNDHuluSelector.m in Sources */,
				DF3195620FC851BA004CE50D /* UNDPreferenceManager.m in Sources */,
				DF3195630FC851BF004CE50D /* UNDPasswordProvider.m in Sources */,
				DF3196B80FC8CF7F004CE50D /* UNDHuluFSSelector.m in Sources */,
				DFC24EE11068364800B4D149 /* main.m in Sources */,
			);
			runOnlyForDeploymentPostprocessing = 0;
		};
		DF3197DE0FCF54FB004CE50D /* Sources */ = {
			isa = PBXSourcesBuildPhase;
			buildActionMask = 2147483647;
			files = (
				DF31980C0FCF7CC3004CE50D /* main.m in Sources */,
			);
			runOnlyForDeploymentPostprocessing = 0;
		};
		DFC24EC61068360500B4D149 /* Sources */ = {
			isa = PBXSourcesBuildPhase;
			buildActionMask = 2147483647;
			files = (
				DFC24EC81068360500B4D149 /* AppleRemote.m in Sources */,
				DFC24EC91068360500B4D149 /* RemoteControl.m in Sources */,
				DFC24ECA1068360500B4D149 /* HIDRemoteControlDevice.m in Sources */,
				DFC24ECB1068360500B4D149 /* GlobalKeyboardDevice.m in Sources */,
				DFC24ECD1068360500B4D149 /* RemoteControlContainer.m in Sources */,
				DFC24ECF1068360500B4D149 /* UNDPluginControl.m in Sources */,
				DFC24ED11068360500B4D149 /* UNDPreferenceManager.m in Sources */,
				DFC24ED21068360500B4D149 /* UNDPasswordProvider.m in Sources */,
				DFC24F42106867E800B4D149 /* main.m in Sources */,
				DFC24F43106867E800B4D149 /* UNDNetflixPlayer.m in Sources */,
				DF54B4B911095D36006F0930 /* UNDVolumeControl.m in Sources */,
				DF906CFF127B5D3A00B95C6E /* UNDNetflixKeyboardDevice.m in Sources */,
			);
			runOnlyForDeploymentPostprocessing = 0;
		};
/* End PBXSourcesBuildPhase section */

/* Begin PBXTargetDependency section */
		DF3195C20FC8555A004CE50D /* PBXTargetDependency */ = {
			isa = PBXTargetDependency;
			target = DF318F2D0FC4B418004CE50D /* HuluPlayer */;
			targetProxy = DF3195C10FC8555A004CE50D /* PBXContainerItemProxy */;
		};
		DF3197F70FCF7B7E004CE50D /* PBXTargetDependency */ = {
			isa = PBXTargetDependency;
			target = DF3197E00FCF54FB004CE50D /* HuluDesktop */;
			targetProxy = DF3197F60FCF7B7E004CE50D /* PBXContainerItemProxy */;
		};
		DF6D11E210F93B550092F20B /* PBXTargetDependency */ = {
			isa = PBXTargetDependency;
			target = DFC24EC51068360500B4D149 /* NetflixPlayer */;
			targetProxy = DF6D11E110F93B550092F20B /* PBXContainerItemProxy */;
		};
/* End PBXTargetDependency section */

/* Begin XCBuildConfiguration section */
		1DEB913B08733D840010E9CD /* Debug */ = {
			isa = XCBuildConfiguration;
			buildSettings = {
				COPY_PHASE_STRIP = NO;
				FRAMEWORK_SEARCH_PATHS = (
					"$(inherited)",
					"\"$(SYSTEM_LIBRARY_DIR)/PrivateFrameworks\"",
				);
				GCC_DYNAMIC_NO_PIC = NO;
				GCC_ENABLE_FIX_AND_CONTINUE = YES;
				GCC_MODEL_TUNING = "";
				GCC_OPTIMIZATION_LEVEL = 0;
				GCC_PFE_FILE_C_DIALECTS = "c objective-c";
				GCC_PRECOMPILE_PREFIX_HEADER = YES;
				GCC_PREFIX_HEADER = understudy_Prefix.pch;
				HEADER_SEARCH_PATHS = "$(SRCROOT)/BRHeaders/";
				INFOPLIST_FILE = Info.plist;
				INSTALL_PATH = "/System/Library/CoreServices/Front Row.app/Contents/PlugIns/";
				LD_OPENMP_FLAGS = "";
				OTHER_CFLAGS = "-Wall";
				PRODUCT_NAME = frUnderstudy;
				SDKROOT = "$(DEVELOPER_SDK_DIR)/MacOSX10.5.sdk";
				VALID_ARCHS = "i386 x86_64";
				WRAPPER_EXTENSION = frappliance;
			};
			name = Debug;
		};
		1DEB913C08733D840010E9CD /* Release */ = {
			isa = XCBuildConfiguration;
			buildSettings = {
				ARCHS = "$(ARCHS_STANDARD_32_BIT_PRE_XCODE_3_1)";
				ARCHS_STANDARD_32_BIT_PRE_XCODE_3_1 = "ppc i386";
				DEBUG_INFORMATION_FORMAT = "dwarf-with-dsym";
				FRAMEWORK_SEARCH_PATHS = (
					"$(inherited)",
					"\"$(SRCROOT)/\"",
					"\"$(SYSTEM_LIBRARY_DIR)/PrivateFrameworks\"",
				);
				GCC_MODEL_TUNING = "";
				GCC_PFE_FILE_C_DIALECTS = "c objective-c";
				GCC_PRECOMPILE_PREFIX_HEADER = YES;
				GCC_PREFIX_HEADER = understudy_Prefix.pch;
				INFOPLIST_FILE = Info.plist;
				INSTALL_PATH = "/System/Library/CoreServices/Front Row.app/Contents/PlugIns/";
				LD_OPENMP_FLAGS = "";
				MACOSX_DEPLOYMENT_TARGET = 10.5;
				PRODUCT_NAME = frUnderstudy;
				SDKROOT = "$(DEVELOPER_SDK_DIR)/MacOSX10.5.sdk";
				VALID_ARCHS = "ppc970 ppc7400 ppc64 ppc i386 x86_64";
				WRAPPER_EXTENSION = frappliance;
				ZERO_LINK = NO;
			};
			name = Release;
		};
		1DEB913F08733D840010E9CD /* Debug */ = {
			isa = XCBuildConfiguration;
			buildSettings = {
				FRAMEWORK_SEARCH_PATHS = "/System/Library/PrivateFrameworks//**";
				GCC_WARN_ABOUT_RETURN_TYPE = YES;
				GCC_WARN_UNUSED_VARIABLE = YES;
				HEADER_SEARCH_PATHS = (
					Hulu,
					Netflix,
				);
				PREBINDING = NO;
				SDKROOT = "$(DEVELOPER_SDK_DIR)/MacOSX10.5.sdk";
			};
			name = Debug;
		};
		1DEB914008733D840010E9CD /* Release */ = {
			isa = XCBuildConfiguration;
			buildSettings = {
				ARCHS = (
					ppc,
					i386,
				);
				FRAMEWORK_SEARCH_PATHS = "/System/Library/PrivateFrameworks//**";
				GCC_WARN_ABOUT_RETURN_TYPE = YES;
				GCC_WARN_UNUSED_VARIABLE = YES;
				HEADER_SEARCH_PATHS = (
					Hulu,
					Netflix,
				);
				PREBINDING = NO;
				SDKROOT = "$(DEVELOPER_SDK_DIR)/MacOSX10.5.sdk";
			};
			name = Release;
		};
		DF318F310FC4B419004CE50D /* Debug */ = {
			isa = XCBuildConfiguration;
			buildSettings = {
				ALWAYS_SEARCH_USER_PATHS = NO;
				COPY_PHASE_STRIP = NO;
				FRAMEWORK_SEARCH_PATHS = "$(SYSTEM_LIBRARY_DIR)/PrivateFrameworks//**";
				GCC_DYNAMIC_NO_PIC = NO;
				GCC_ENABLE_FIX_AND_CONTINUE = YES;
				GCC_MODEL_TUNING = G5;
				GCC_OPTIMIZATION_LEVEL = 0;
				GCC_PRECOMPILE_PREFIX_HEADER = YES;
				GCC_PREFIX_HEADER = "$(SYSTEM_LIBRARY_DIR)/Frameworks/AppKit.framework/Headers/AppKit.h";
				HEADER_SEARCH_PATHS = "$(SRCROOT)/**";
				INFOPLIST_FILE = "HuluPlayer-Info.plist";
				INSTALL_PATH = "$(HOME)/Applications";
				OTHER_LDFLAGS = (
					"-framework",
					Foundation,
					"-framework",
					AppKit,
				);
				PREBINDING = NO;
				PRODUCT_NAME = HuluPlayer;
			};
			name = Debug;
		};
		DF318F320FC4B419004CE50D /* Release */ = {
			isa = XCBuildConfiguration;
			buildSettings = {
				ALWAYS_SEARCH_USER_PATHS = NO;
				COPY_PHASE_STRIP = YES;
				DEBUG_INFORMATION_FORMAT = "dwarf-with-dsym";
				FRAMEWORK_SEARCH_PATHS = (
					"$(SYSTEM_LIBRARY_DIR)/PrivateFrameworks//**",
					"\"$(SYSTEM_LIBRARY_DIR)/PrivateFrameworks\"",
				);
				GCC_ENABLE_FIX_AND_CONTINUE = NO;
				GCC_MODEL_TUNING = G5;
				GCC_PRECOMPILE_PREFIX_HEADER = YES;
				GCC_PREFIX_HEADER = "$(SYSTEM_LIBRARY_DIR)/Frameworks/AppKit.framework/Headers/AppKit.h";
				HEADER_SEARCH_PATHS = "$(SRCROOT)/**";
				INFOPLIST_FILE = "HuluPlayer-Info.plist";
				INSTALL_PATH = "$(HOME)/Applications";
				OTHER_LDFLAGS = (
					"-framework",
					Foundation,
					"-framework",
					AppKit,
				);
				PREBINDING = NO;
				PRODUCT_NAME = HuluPlayer;
				ZERO_LINK = NO;
			};
			name = Release;
		};
		DF3197E40FCF54FC004CE50D /* Debug */ = {
			isa = XCBuildConfiguration;
			buildSettings = {
				ALWAYS_SEARCH_USER_PATHS = NO;
				COPY_PHASE_STRIP = NO;
				GCC_DYNAMIC_NO_PIC = NO;
				GCC_ENABLE_FIX_AND_CONTINUE = YES;
				GCC_MODEL_TUNING = G5;
				GCC_OPTIMIZATION_LEVEL = 0;
				GCC_PRECOMPILE_PREFIX_HEADER = YES;
				GCC_PREFIX_HEADER = "$(SYSTEM_LIBRARY_DIR)/Frameworks/AppKit.framework/Headers/AppKit.h";
				INFOPLIST_FILE = "HuluDesktop-Info.plist";
				INSTALL_PATH = "$(HOME)/Applications";
				OTHER_LDFLAGS = (
					"-framework",
					Foundation,
					"-framework",
					AppKit,
				);
				PREBINDING = NO;
				PRODUCT_NAME = HuluDesktop;
			};
			name = Debug;
		};
		DF3197E50FCF54FC004CE50D /* Release */ = {
			isa = XCBuildConfiguration;
			buildSettings = {
				ALWAYS_SEARCH_USER_PATHS = NO;
				COPY_PHASE_STRIP = YES;
				DEBUG_INFORMATION_FORMAT = "dwarf-with-dsym";
				GCC_ENABLE_FIX_AND_CONTINUE = NO;
				GCC_MODEL_TUNING = G5;
				GCC_PRECOMPILE_PREFIX_HEADER = YES;
				GCC_PREFIX_HEADER = "$(SYSTEM_LIBRARY_DIR)/Frameworks/AppKit.framework/Headers/AppKit.h";
				INFOPLIST_FILE = "HuluDesktop-Info.plist";
				INSTALL_PATH = "$(HOME)/Applications";
				OTHER_LDFLAGS = (
					"-framework",
					Foundation,
					"-framework",
					AppKit,
				);
				PREBINDING = NO;
				PRODUCT_NAME = HuluDesktop;
				ZERO_LINK = NO;
			};
			name = Release;
		};
		DFC24EDC1068360500B4D149 /* Debug */ = {
			isa = XCBuildConfiguration;
			buildSettings = {
				ALWAYS_SEARCH_USER_PATHS = NO;
				COPY_PHASE_STRIP = NO;
				FRAMEWORK_SEARCH_PATHS = "$(SYSTEM_LIBRARY_DIR)/PrivateFrameworks//**";
				GCC_DYNAMIC_NO_PIC = NO;
				GCC_ENABLE_FIX_AND_CONTINUE = YES;
				GCC_MODEL_TUNING = "";
				GCC_OPTIMIZATION_LEVEL = 0;
				GCC_PRECOMPILE_PREFIX_HEADER = YES;
				GCC_PREFIX_HEADER = "$(SYSTEM_LIBRARY_DIR)/Frameworks/AppKit.framework/Headers/AppKit.h";
				HEADER_SEARCH_PATHS = "$(SRCROOT)/**";
				INFOPLIST_FILE = "NetflixPlayer-Info.plist";
				INSTALL_PATH = "$(HOME)/Applications";
				OTHER_LDFLAGS = (
					"-framework",
					Foundation,
					"-framework",
					AppKit,
				);
				PREBINDING = NO;
				PRODUCT_NAME = NetflixPlayer;
				VALID_ARCHS = "i386 x86_64";
			};
			name = Debug;
		};
		DFC24EDD1068360500B4D149 /* Release */ = {
			isa = XCBuildConfiguration;
			buildSettings = {
				ALWAYS_SEARCH_USER_PATHS = NO;
				COPY_PHASE_STRIP = YES;
				DEBUG_INFORMATION_FORMAT = "dwarf-with-dsym";
				FRAMEWORK_SEARCH_PATHS = (
					"$(SYSTEM_LIBRARY_DIR)/PrivateFrameworks//**",
					"\\\"$(SYSTEM_LIBRARY_DIR)/PrivateFrameworks\\\"",
				);
				GCC_ENABLE_FIX_AND_CONTINUE = NO;
				GCC_MODEL_TUNING = "";
				GCC_PRECOMPILE_PREFIX_HEADER = YES;
				GCC_PREFIX_HEADER = "$(SYSTEM_LIBRARY_DIR)/Frameworks/AppKit.framework/Headers/AppKit.h";
				HEADER_SEARCH_PATHS = "$(SRCROOT)/**";
				INFOPLIST_FILE = "NetflixPlayer-Info.plist";
				INSTALL_PATH = "$(HOME)/Applications";
				OTHER_LDFLAGS = (
					"-framework",
					Foundation,
					"-framework",
					AppKit,
				);
				PREBINDING = NO;
				PRODUCT_NAME = NetflixPlayer;
				VALID_ARCHS = "i386 x86_64";
				ZERO_LINK = NO;
			};
			name = Release;
		};
/* End XCBuildConfiguration section */

/* Begin XCConfigurationList section */
		1DEB913A08733D840010E9CD /* Build configuration list for PBXNativeTarget "Understudy" */ = {
			isa = XCConfigurationList;
			buildConfigurations = (
				1DEB913B08733D840010E9CD /* Debug */,
				1DEB913C08733D840010E9CD /* Release */,
			);
			defaultConfigurationIsVisible = 0;
			defaultConfigurationName = Release;
		};
		1DEB913E08733D840010E9CD /* Build configuration list for PBXProject "understudy" */ = {
			isa = XCConfigurationList;
			buildConfigurations = (
				1DEB913F08733D840010E9CD /* Debug */,
				1DEB914008733D840010E9CD /* Release */,
			);
			defaultConfigurationIsVisible = 0;
			defaultConfigurationName = Release;
		};
		DF318F330FC4B41A004CE50D /* Build configuration list for PBXNativeTarget "HuluPlayer" */ = {
			isa = XCConfigurationList;
			buildConfigurations = (
				DF318F310FC4B419004CE50D /* Debug */,
				DF318F320FC4B419004CE50D /* Release */,
			);
			defaultConfigurationIsVisible = 0;
			defaultConfigurationName = Release;
		};
		DF3197E60FCF54FD004CE50D /* Build configuration list for PBXNativeTarget "HuluDesktop" */ = {
			isa = XCConfigurationList;
			buildConfigurations = (
				DF3197E40FCF54FC004CE50D /* Debug */,
				DF3197E50FCF54FC004CE50D /* Release */,
			);
			defaultConfigurationIsVisible = 0;
			defaultConfigurationName = Release;
		};
		DFC24EDB1068360500B4D149 /* Build configuration list for PBXNativeTarget "NetflixPlayer" */ = {
			isa = XCConfigurationList;
			buildConfigurations = (
				DFC24EDC1068360500B4D149 /* Debug */,
				DFC24EDD1068360500B4D149 /* Release */,
			);
			defaultConfigurationIsVisible = 0;
			defaultConfigurationName = Release;
		};
/* End XCConfigurationList section */
	};
	rootObject = 089C1669FE841209C02AAC07 /* Project object */;
}
