// !$*UTF8*$!
{
	archiveVersion = 1;
	classes = {
	};
	objectVersion = 44;
	objects = {

/* Begin PBXBuildFile section */
		8D5B49B4048680CD000E48DA /* Cocoa.framework in Frameworks */ = {isa = PBXBuildFile; fileRef = 1058C7ADFEA557BF11CA2CBB /* Cocoa.framework */; };
		918B27B10D7CFB2100D87AC2 /* UnderstudyAppliance.m in Sources */ = {isa = PBXBuildFile; fileRef = 918B27B00D7CFB2100D87AC2 /* UnderstudyAppliance.m */; };
		DF0C59430EA9030E00E0D882 /* QuartzCore.framework in Frameworks */ = {isa = PBXBuildFile; fileRef = DF0C59420EA9030E00E0D882 /* QuartzCore.framework */; };
		DF0C598B0EA910FA00E0D882 /* MainMenuController.m in Sources */ = {isa = PBXBuildFile; fileRef = DF0C598A0EA910FA00E0D882 /* MainMenuController.m */; };
		DF0EDFCD0EE5E187008FA08A /* English.lproj in Resources */ = {isa = PBXBuildFile; fileRef = DF0EDFCA0EE5E187008FA08A /* English.lproj */; };
		DF281F2F0F0568CB001373BC /* NetflixAddDialog.m in Sources */ = {isa = PBXBuildFile; fileRef = DF281F2E0F0568CB001373BC /* NetflixAddDialog.m */; };
		DF281F840F05852D001373BC /* AddFeedDialog.m in Sources */ = {isa = PBXBuildFile; fileRef = DF281F830F05852D001373BC /* AddFeedDialog.m */; };
		DF281FF30F0599AD001373BC /* HuluAddDialog.m in Sources */ = {isa = PBXBuildFile; fileRef = DF281FF20F0599AD001373BC /* HuluAddDialog.m */; };
		DF7F84F00EE3354E0049E5C3 /* BackRow.framework in Frameworks */ = {isa = PBXBuildFile; fileRef = DF7F84EF0EE3354E0049E5C3 /* BackRow.framework */; };
		DFE014950EDF681D00AFD18F /* WebKit.framework in Frameworks */ = {isa = PBXBuildFile; fileRef = DFE014940EDF681D00AFD18F /* WebKit.framework */; };
		DFFC64770F02DBA3008477FD /* HuluAsset.m in Sources */ = {isa = PBXBuildFile; fileRef = DFFC646C0F02DBA3008477FD /* HuluAsset.m */; };
		DFFC64780F02DBA3008477FD /* HuluController.m in Sources */ = {isa = PBXBuildFile; fileRef = DFFC646E0F02DBA3008477FD /* HuluController.m */; };
		DFFC64790F02DBA3008477FD /* HuluFeedController.m in Sources */ = {isa = PBXBuildFile; fileRef = DFFC64700F02DBA3008477FD /* HuluFeedController.m */; };
		DFFC647A0F02DBA3008477FD /* NetflixAsset.m in Sources */ = {isa = PBXBuildFile; fileRef = DFFC64720F02DBA3008477FD /* NetflixAsset.m */; };
		DFFC647B0F02DBA3008477FD /* NetflixController.m in Sources */ = {isa = PBXBuildFile; fileRef = DFFC64740F02DBA3008477FD /* NetflixController.m */; };
		DFFC647C0F02DBA3008477FD /* NetflixFeedController.m in Sources */ = {isa = PBXBuildFile; fileRef = DFFC64760F02DBA3008477FD /* NetflixFeedController.m */; };
/* End PBXBuildFile section */

/* Begin PBXFileReference section */
		089C1672FE841209C02AAC07 /* Foundation.framework */ = {isa = PBXFileReference; lastKnownFileType = wrapper.framework; name = Foundation.framework; path = /System/Library/Frameworks/Foundation.framework; sourceTree = "<absolute>"; };
		089C167FFE841241C02AAC07 /* AppKit.framework */ = {isa = PBXFileReference; lastKnownFileType = wrapper.framework; name = AppKit.framework; path = /System/Library/Frameworks/AppKit.framework; sourceTree = "<absolute>"; };
		1058C7ADFEA557BF11CA2CBB /* Cocoa.framework */ = {isa = PBXFileReference; lastKnownFileType = wrapper.framework; name = Cocoa.framework; path = /System/Library/Frameworks/Cocoa.framework; sourceTree = "<absolute>"; };
		8D5B49B6048680CD000E48DA /* frUnderstudy.frappliance */ = {isa = PBXFileReference; explicitFileType = wrapper.cfbundle; includeInIndex = 0; path = frUnderstudy.frappliance; sourceTree = BUILT_PRODUCTS_DIR; };
		8D5B49B7048680CD000E48DA /* Info.plist */ = {isa = PBXFileReference; fileEncoding = 4; lastKnownFileType = text.plist.xml; path = Info.plist; sourceTree = "<group>"; };
		918B27AF0D7CFB2100D87AC2 /* UnderstudyAppliance.h */ = {isa = PBXFileReference; fileEncoding = 4; lastKnownFileType = sourcecode.c.h; path = UnderstudyAppliance.h; sourceTree = "<group>"; };
		918B27B00D7CFB2100D87AC2 /* UnderstudyAppliance.m */ = {isa = PBXFileReference; fileEncoding = 4; lastKnownFileType = sourcecode.c.objc; path = UnderstudyAppliance.m; sourceTree = "<group>"; };
		D2F7E65807B2D6F200F64583 /* CoreData.framework */ = {isa = PBXFileReference; lastKnownFileType = wrapper.framework; name = CoreData.framework; path = /System/Library/Frameworks/CoreData.framework; sourceTree = "<absolute>"; };
		DF0C59420EA9030E00E0D882 /* QuartzCore.framework */ = {isa = PBXFileReference; explicitFileType = wrapper.framework; name = QuartzCore.framework; path = /System/Library/Frameworks/QuartzCore.framework; sourceTree = "<absolute>"; };
		DF0C59890EA910FA00E0D882 /* MainMenuController.h */ = {isa = PBXFileReference; fileEncoding = 4; lastKnownFileType = sourcecode.c.h; path = MainMenuController.h; sourceTree = "<group>"; };
		DF0C598A0EA910FA00E0D882 /* MainMenuController.m */ = {isa = PBXFileReference; fileEncoding = 4; lastKnownFileType = sourcecode.c.objc; path = MainMenuController.m; sourceTree = "<group>"; };
		DF0C96B40EE5BA9F00E85372 /* understudy_Prefix.pch */ = {isa = PBXFileReference; fileEncoding = 4; lastKnownFileType = sourcecode.c.h; path = understudy_Prefix.pch; sourceTree = "<group>"; };
		DF0EDFCA0EE5E187008FA08A /* English.lproj */ = {isa = PBXFileReference; lastKnownFileType = folder; path = English.lproj; sourceTree = "<group>"; };
		DF281F2D0F0568CB001373BC /* NetflixAddDialog.h */ = {isa = PBXFileReference; fileEncoding = 4; lastKnownFileType = sourcecode.c.h; path = NetflixAddDialog.h; sourceTree = "<group>"; };
		DF281F2E0F0568CB001373BC /* NetflixAddDialog.m */ = {isa = PBXFileReference; fileEncoding = 4; lastKnownFileType = sourcecode.c.objc; path = NetflixAddDialog.m; sourceTree = "<group>"; };
		DF281F820F05852D001373BC /* AddFeedDialog.h */ = {isa = PBXFileReference; fileEncoding = 4; lastKnownFileType = sourcecode.c.h; path = AddFeedDialog.h; sourceTree = "<group>"; };
		DF281F830F05852D001373BC /* AddFeedDialog.m */ = {isa = PBXFileReference; fileEncoding = 4; lastKnownFileType = sourcecode.c.objc; path = AddFeedDialog.m; sourceTree = "<group>"; };
		DF281FF10F0599AD001373BC /* HuluAddDialog.h */ = {isa = PBXFileReference; fileEncoding = 4; lastKnownFileType = sourcecode.c.h; path = HuluAddDialog.h; sourceTree = "<group>"; };
		DF281FF20F0599AD001373BC /* HuluAddDialog.m */ = {isa = PBXFileReference; fileEncoding = 4; lastKnownFileType = sourcecode.c.objc; path = HuluAddDialog.m; sourceTree = "<group>"; };
		DF7F84EF0EE3354E0049E5C3 /* BackRow.framework */ = {isa = PBXFileReference; lastKnownFileType = wrapper.framework; name = BackRow.framework; path = /System/Library/PrivateFrameworks/BackRow.framework; sourceTree = "<absolute>"; };
		DFE014940EDF681D00AFD18F /* WebKit.framework */ = {isa = PBXFileReference; lastKnownFileType = wrapper.framework; name = WebKit.framework; path = /System/Library/Frameworks/WebKit.framework; sourceTree = "<absolute>"; };
		DFFC646B0F02DBA2008477FD /* HuluAsset.h */ = {isa = PBXFileReference; fileEncoding = 4; lastKnownFileType = sourcecode.c.h; path = HuluAsset.h; sourceTree = "<group>"; };
		DFFC646C0F02DBA3008477FD /* HuluAsset.m */ = {isa = PBXFileReference; fileEncoding = 4; lastKnownFileType = sourcecode.c.objc; path = HuluAsset.m; sourceTree = "<group>"; };
		DFFC646D0F02DBA3008477FD /* HuluController.h */ = {isa = PBXFileReference; fileEncoding = 4; lastKnownFileType = sourcecode.c.h; path = HuluController.h; sourceTree = "<group>"; };
		DFFC646E0F02DBA3008477FD /* HuluController.m */ = {isa = PBXFileReference; fileEncoding = 4; lastKnownFileType = sourcecode.c.objc; path = HuluController.m; sourceTree = "<group>"; };
		DFFC646F0F02DBA3008477FD /* HuluFeedController.h */ = {isa = PBXFileReference; fileEncoding = 4; lastKnownFileType = sourcecode.c.h; path = HuluFeedController.h; sourceTree = "<group>"; };
		DFFC64700F02DBA3008477FD /* HuluFeedController.m */ = {isa = PBXFileReference; fileEncoding = 4; lastKnownFileType = sourcecode.c.objc; path = HuluFeedController.m; sourceTree = "<group>"; };
		DFFC64710F02DBA3008477FD /* NetflixAsset.h */ = {isa = PBXFileReference; fileEncoding = 4; lastKnownFileType = sourcecode.c.h; path = NetflixAsset.h; sourceTree = "<group>"; };
		DFFC64720F02DBA3008477FD /* NetflixAsset.m */ = {isa = PBXFileReference; fileEncoding = 4; lastKnownFileType = sourcecode.c.objc; path = NetflixAsset.m; sourceTree = "<group>"; };
		DFFC64730F02DBA3008477FD /* NetflixController.h */ = {isa = PBXFileReference; fileEncoding = 4; lastKnownFileType = sourcecode.c.h; path = NetflixController.h; sourceTree = "<group>"; };
		DFFC64740F02DBA3008477FD /* NetflixController.m */ = {isa = PBXFileReference; fileEncoding = 4; lastKnownFileType = sourcecode.c.objc; path = NetflixController.m; sourceTree = "<group>"; };
		DFFC64750F02DBA3008477FD /* NetflixFeedController.h */ = {isa = PBXFileReference; fileEncoding = 4; lastKnownFileType = sourcecode.c.h; path = NetflixFeedController.h; sourceTree = "<group>"; };
		DFFC64760F02DBA3008477FD /* NetflixFeedController.m */ = {isa = PBXFileReference; fileEncoding = 4; lastKnownFileType = sourcecode.c.objc; path = NetflixFeedController.m; sourceTree = "<group>"; };
/* End PBXFileReference section */

/* Begin PBXFrameworksBuildPhase section */
		8D5B49B3048680CD000E48DA /* Frameworks */ = {
			isa = PBXFrameworksBuildPhase;
			buildActionMask = 2147483647;
			files = (
				8D5B49B4048680CD000E48DA /* Cocoa.framework in Frameworks */,
				DF0C59430EA9030E00E0D882 /* QuartzCore.framework in Frameworks */,
				DFE014950EDF681D00AFD18F /* WebKit.framework in Frameworks */,
				DF7F84F00EE3354E0049E5C3 /* BackRow.framework in Frameworks */,
			);
			runOnlyForDeploymentPostprocessing = 0;
		};
/* End PBXFrameworksBuildPhase section */

/* Begin PBXGroup section */
		089C166AFE841209C02AAC07 /* HelloWorld */ = {
			isa = PBXGroup;
			children = (
				DF0EDFCA0EE5E187008FA08A /* English.lproj */,
				08FB77AFFE84173DC02AAC07 /* Classes */,
				32C88E010371C26100C91783 /* Other Sources */,
				089C167CFE841241C02AAC07 /* Resources */,
				089C1671FE841209C02AAC07 /* Frameworks and Libraries */,
				19C28FB8FE9D52D311CA2CBB /* Products */,
			);
			name = HelloWorld;
			sourceTree = "<group>";
		};
		089C1671FE841209C02AAC07 /* Frameworks and Libraries */ = {
			isa = PBXGroup;
			children = (
				1058C7ACFEA557BF11CA2CBB /* Linked Frameworks */,
			);
			name = "Frameworks and Libraries";
			sourceTree = "<group>";
		};
		089C167CFE841241C02AAC07 /* Resources */ = {
			isa = PBXGroup;
			children = (
				8D5B49B7048680CD000E48DA /* Info.plist */,
			);
			name = Resources;
			sourceTree = "<group>";
		};
		08FB77AFFE84173DC02AAC07 /* Classes */ = {
			isa = PBXGroup;
			children = (
				DF281FF10F0599AD001373BC /* HuluAddDialog.h */,
				DF281FF20F0599AD001373BC /* HuluAddDialog.m */,
				DFFC646B0F02DBA2008477FD /* HuluAsset.h */,
				DFFC646C0F02DBA3008477FD /* HuluAsset.m */,
				DFFC646D0F02DBA3008477FD /* HuluController.h */,
				DFFC646E0F02DBA3008477FD /* HuluController.m */,
				DFFC646F0F02DBA3008477FD /* HuluFeedController.h */,
				DFFC64700F02DBA3008477FD /* HuluFeedController.m */,
				DF281F2D0F0568CB001373BC /* NetflixAddDialog.h */,
				DF281F2E0F0568CB001373BC /* NetflixAddDialog.m */,
				DFFC64710F02DBA3008477FD /* NetflixAsset.h */,
				DFFC64720F02DBA3008477FD /* NetflixAsset.m */,
				DFFC64730F02DBA3008477FD /* NetflixController.h */,
				DFFC64740F02DBA3008477FD /* NetflixController.m */,
				DFFC64750F02DBA3008477FD /* NetflixFeedController.h */,
				DFFC64760F02DBA3008477FD /* NetflixFeedController.m */,
				918B27AF0D7CFB2100D87AC2 /* UnderstudyAppliance.h */,
				918B27B00D7CFB2100D87AC2 /* UnderstudyAppliance.m */,
				DF0C59890EA910FA00E0D882 /* MainMenuController.h */,
				DF0C598A0EA910FA00E0D882 /* MainMenuController.m */,
				DF281F820F05852D001373BC /* AddFeedDialog.h */,
				DF281F830F05852D001373BC /* AddFeedDialog.m */,
			);
			name = Classes;
			sourceTree = "<group>";
		};
		1058C7ACFEA557BF11CA2CBB /* Linked Frameworks */ = {
			isa = PBXGroup;
			children = (
				089C1672FE841209C02AAC07 /* Foundation.framework */,
				D2F7E65807B2D6F200F64583 /* CoreData.framework */,
				089C167FFE841241C02AAC07 /* AppKit.framework */,
				DFE014940EDF681D00AFD18F /* WebKit.framework */,
				DF0C59420EA9030E00E0D882 /* QuartzCore.framework */,
				DF7F84EF0EE3354E0049E5C3 /* BackRow.framework */,
				1058C7ADFEA557BF11CA2CBB /* Cocoa.framework */,
			);
			name = "Linked Frameworks";
			sourceTree = "<group>";
		};
		19C28FB8FE9D52D311CA2CBB /* Products */ = {
			isa = PBXGroup;
			children = (
				8D5B49B6048680CD000E48DA /* frUnderstudy.frappliance */,
			);
			name = Products;
			sourceTree = "<group>";
		};
		32C88E010371C26100C91783 /* Other Sources */ = {
			isa = PBXGroup;
			children = (
				DF0C96B40EE5BA9F00E85372 /* understudy_Prefix.pch */,
			);
			name = "Other Sources";
			sourceTree = "<group>";
		};
/* End PBXGroup section */

/* Begin PBXNativeTarget section */
		8D5B49AC048680CD000E48DA /* Understudy */ = {
			isa = PBXNativeTarget;
			buildConfigurationList = 1DEB913A08733D840010E9CD /* Build configuration list for PBXNativeTarget "Understudy" */;
			buildPhases = (
				8D5B49AF048680CD000E48DA /* Resources */,
				8D5B49B1048680CD000E48DA /* Sources */,
				8D5B49B3048680CD000E48DA /* Frameworks */,
			);
			buildRules = (
			);
			dependencies = (
			);
			name = Understudy;
			productInstallPath = "$(HOME)/Library/Bundles";
			productName = HelloWorld;
			productReference = 8D5B49B6048680CD000E48DA /* frUnderstudy.frappliance */;
			productType = "com.apple.product-type.bundle";
		};
/* End PBXNativeTarget section */

/* Begin PBXProject section */
		089C1669FE841209C02AAC07 /* Project object */ = {
			isa = PBXProject;
			buildConfigurationList = 1DEB913E08733D840010E9CD /* Build configuration list for PBXProject "understudy" */;
			compatibilityVersion = "Xcode 3.0";
			hasScannedForEncodings = 1;
			mainGroup = 089C166AFE841209C02AAC07 /* HelloWorld */;
			projectDirPath = "";
			projectRoot = "";
			targets = (
				8D5B49AC048680CD000E48DA /* Understudy */,
			);
		};
/* End PBXProject section */

/* Begin PBXResourcesBuildPhase section */
		8D5B49AF048680CD000E48DA /* Resources */ = {
			isa = PBXResourcesBuildPhase;
			buildActionMask = 2147483647;
			files = (
				DF0EDFCD0EE5E187008FA08A /* English.lproj in Resources */,
			);
			runOnlyForDeploymentPostprocessing = 0;
		};
/* End PBXResourcesBuildPhase section */

/* Begin PBXSourcesBuildPhase section */
		8D5B49B1048680CD000E48DA /* Sources */ = {
			isa = PBXSourcesBuildPhase;
			buildActionMask = 2147483647;
			files = (
				918B27B10D7CFB2100D87AC2 /* UnderstudyAppliance.m in Sources */,
				DF0C598B0EA910FA00E0D882 /* MainMenuController.m in Sources */,
				DFFC64770F02DBA3008477FD /* HuluAsset.m in Sources */,
				DFFC64780F02DBA3008477FD /* HuluController.m in Sources */,
				DFFC64790F02DBA3008477FD /* HuluFeedController.m in Sources */,
				DFFC647A0F02DBA3008477FD /* NetflixAsset.m in Sources */,
				DFFC647B0F02DBA3008477FD /* NetflixController.m in Sources */,
				DFFC647C0F02DBA3008477FD /* NetflixFeedController.m in Sources */,
				DF281F2F0F0568CB001373BC /* NetflixAddDialog.m in Sources */,
				DF281F840F05852D001373BC /* AddFeedDialog.m in Sources */,
				DF281FF30F0599AD001373BC /* HuluAddDialog.m in Sources */,
			);
			runOnlyForDeploymentPostprocessing = 0;
		};
/* End PBXSourcesBuildPhase section */

/* Begin XCBuildConfiguration section */
		1DEB913B08733D840010E9CD /* Debug */ = {
			isa = XCBuildConfiguration;
			buildSettings = {
				COPY_PHASE_STRIP = NO;
				FRAMEWORK_SEARCH_PATHS = (
					"$(inherited)",
					"\"$(SRCROOT)/\"",
					"\"$(SYSTEM_LIBRARY_DIR)/PrivateFrameworks\"",
				);
				GCC_DYNAMIC_NO_PIC = NO;
				GCC_ENABLE_FIX_AND_CONTINUE = YES;
				GCC_MODEL_TUNING = "";
				GCC_OPTIMIZATION_LEVEL = 0;
				GCC_PFE_FILE_C_DIALECTS = "c objective-c";
				GCC_PRECOMPILE_PREFIX_HEADER = YES;
				GCC_PREFIX_HEADER = understudy_Prefix.pch;
				HEADER_SEARCH_PATHS = .;
				INFOPLIST_FILE = Info.plist;
				INSTALL_PATH = "/System/Library/CoreServices/Front Row.app/Contents/PlugIns/";
				PRODUCT_NAME = frUnderstudy;
				SDKROOT = "$(DEVELOPER_SDK_DIR)/MacOSX10.5.sdk";
				VALID_ARCHS = "i386 x86_64";
				WRAPPER_EXTENSION = frappliance;
				ZERO_LINK = NO;
			};
			name = Debug;
		};
		1DEB913C08733D840010E9CD /* Release */ = {
			isa = XCBuildConfiguration;
			buildSettings = {
				DEBUG_INFORMATION_FORMAT = "dwarf-with-dsym";
				FRAMEWORK_SEARCH_PATHS = (
					"$(inherited)",
					"\"$(SRCROOT)/\"",
					"\"$(SYSTEM_LIBRARY_DIR)/PrivateFrameworks\"",
				);
				GCC_MODEL_TUNING = "";
				GCC_PFE_FILE_C_DIALECTS = "c objective-c";
				GCC_PRECOMPILE_PREFIX_HEADER = YES;
				GCC_PREFIX_HEADER = understudy_Prefix.pch;
				INFOPLIST_FILE = Info.plist;
				INSTALL_PATH = "/System/Library/CoreServices/Front Row.app/Contents/PlugIns/";
				MACOSX_DEPLOYMENT_TARGET = 10.5;
				PRODUCT_NAME = frUnderstudy;
				SDKROOT = "$(DEVELOPER_SDK_DIR)/MacOSX10.5.sdk";
				VALID_ARCHS = "i386 x86_64";
				WRAPPER_EXTENSION = frappliance;
				ZERO_LINK = NO;
			};
			name = Release;
		};
		1DEB913F08733D840010E9CD /* Debug */ = {
			isa = XCBuildConfiguration;
			buildSettings = {
				FRAMEWORK_SEARCH_PATHS = "/System/Library/PrivateFrameworks//**";
				GCC_WARN_ABOUT_RETURN_TYPE = YES;
				GCC_WARN_UNUSED_VARIABLE = YES;
				PREBINDING = NO;
				SDKROOT = "$(DEVELOPER_SDK_DIR)/MacOSX10.5.sdk";
			};
			name = Debug;
		};
		1DEB914008733D840010E9CD /* Release */ = {
			isa = XCBuildConfiguration;
			buildSettings = {
				ARCHS = (
					ppc,
					i386,
				);
				FRAMEWORK_SEARCH_PATHS = "/System/Library/PrivateFrameworks//**";
				GCC_WARN_ABOUT_RETURN_TYPE = YES;
				GCC_WARN_UNUSED_VARIABLE = YES;
				PREBINDING = NO;
				SDKROOT = "$(DEVELOPER_SDK_DIR)/MacOSX10.5.sdk";
			};
			name = Release;
		};
/* End XCBuildConfiguration section */

/* Begin XCConfigurationList section */
		1DEB913A08733D840010E9CD /* Build configuration list for PBXNativeTarget "Understudy" */ = {
			isa = XCConfigurationList;
			buildConfigurations = (
				1DEB913B08733D840010E9CD /* Debug */,
				1DEB913C08733D840010E9CD /* Release */,
			);
			defaultConfigurationIsVisible = 0;
			defaultConfigurationName = Release;
		};
		1DEB913E08733D840010E9CD /* Build configuration list for PBXProject "understudy" */ = {
			isa = XCConfigurationList;
			buildConfigurations = (
				1DEB913F08733D840010E9CD /* Debug */,
				1DEB914008733D840010E9CD /* Release */,
			);
			defaultConfigurationIsVisible = 0;
			defaultConfigurationName = Release;
		};
/* End XCConfigurationList section */
	};
	rootObject = 089C1669FE841209C02AAC07 /* Project object */;
}
